// !$*UTF8*$!
{
	archiveVersion = 1;
	classes = {
	};
	objectVersion = 50;
	objects = {

/* Begin PBXBuildFile section */
		41B44AC0775625C522E2A591 /* Pods_CamChat.framework in Frameworks */ = {isa = PBXBuildFile; fileRef = 85F770E7C208483F91509480 /* Pods_CamChat.framework */; };
		600190DC215ABCB5007F8C1F /* CameraPhotoVideoPreviewVC.swift in Sources */ = {isa = PBXBuildFile; fileRef = 600190DB215ABCB5007F8C1F /* CameraPhotoVideoPreviewVC.swift */; };
		600190E0215AD58D007F8C1F /* AVFoundation.framework in Frameworks */ = {isa = PBXBuildFile; fileRef = 600190DE215AD581007F8C1F /* AVFoundation.framework */; };
		600190E1215AD58D007F8C1F /* AVFoundation.framework in Embed Frameworks */ = {isa = PBXBuildFile; fileRef = 600190DE215AD581007F8C1F /* AVFoundation.framework */; settings = {ATTRIBUTES = (CodeSignOnCopy, RemoveHeadersOnCopy, ); }; };
		6001AD50215B24CB00EF2F46 /* SimpleVideoPlayer.swift in Sources */ = {isa = PBXBuildFile; fileRef = 6001AD4F215B24CB00EF2F46 /* SimpleVideoPlayer.swift */; };
		6004501D213ECCAF000CAED7 /* SearchControllerVM.swift in Sources */ = {isa = PBXBuildFile; fileRef = 6004501C213ECCAF000CAED7 /* SearchControllerVM.swift */; };
		6010B1C420F288FF00B94289 /* ButtonsTopBar.swift in Sources */ = {isa = PBXBuildFile; fileRef = 6010B1C320F288FF00B94289 /* ButtonsTopBar.swift */; };
		6011896B20FEDA3600C87C74 /* BouncyImageButton.swift in Sources */ = {isa = PBXBuildFile; fileRef = 6011896A20FEDA3600C87C74 /* BouncyImageButton.swift */; };
		6016835B216077C400948791 /* Flasher.swift in Sources */ = {isa = PBXBuildFile; fileRef = 6016835A216077C400948791 /* Flasher.swift */; };
		6016835E2160E3C800948791 /* PhotoWriter.swift in Sources */ = {isa = PBXBuildFile; fileRef = 6016835D2160E3C800948791 /* PhotoWriter.swift */; };
		601D0D34210DD656007C47C9 /* ChatTopBar.swift in Sources */ = {isa = PBXBuildFile; fileRef = 601D0D33210DD656007C47C9 /* ChatTopBar.swift */; };
		601D0D36210DEDCA007C47C9 /* ScreenTopBar.swift in Sources */ = {isa = PBXBuildFile; fileRef = 601D0D35210DEDCA007C47C9 /* ScreenTopBar.swift */; };
		601FADC7210A8581003094AF /* Screen_Interaction.swift in Sources */ = {isa = PBXBuildFile; fileRef = 601FADC6210A8581003094AF /* Screen_Interaction.swift */; };
		601FADC9210A87F8003094AF /* Screen_Layout.swift in Sources */ = {isa = PBXBuildFile; fileRef = 601FADC8210A87F8003094AF /* Screen_Layout.swift */; };
		602D5045216AE80D00CBE14E /* TempMessage_Conformance.swift in Sources */ = {isa = PBXBuildFile; fileRef = 602D5044216AE80D00CBE14E /* TempMessage_Conformance.swift */; };
		6036553120F22EEB00536DEF /* Fonts.swift in Sources */ = {isa = PBXBuildFile; fileRef = 6036553020F22EEB00536DEF /* Fonts.swift */; };
		6037BDD52166898800BBD716 /* PhotoSelectionBars.swift in Sources */ = {isa = PBXBuildFile; fileRef = 6037BDD42166898800BBD716 /* PhotoSelectionBars.swift */; };
		6037BDD821668C1A00BBD716 /* Screen_OtherRandomStuff.swift in Sources */ = {isa = PBXBuildFile; fileRef = 6037BDD721668C1A00BBD716 /* Screen_OtherRandomStuff.swift */; };
		6037E04A213368F40069329F /* Convenience Alerts.swift in Sources */ = {isa = PBXBuildFile; fileRef = 6037E049213368F40069329F /* Convenience Alerts.swift */; };
		6037E04C213373850069329F /* Notifications.swift in Sources */ = {isa = PBXBuildFile; fileRef = 6037E04B213373850069329F /* Notifications.swift */; };
		60393594211F834300FC838C /* PhotoOptionMenu.swift in Sources */ = {isa = PBXBuildFile; fileRef = 60393593211F834300FC838C /* PhotoOptionMenu.swift */; };
		6039359A211F946000FC838C /* PhotoOptionsVC.swift in Sources */ = {isa = PBXBuildFile; fileRef = 60393599211F946000FC838C /* PhotoOptionsVC.swift */; };
		6039359C211F9DD500FC838C /* SimpleInteractiveButton.swift in Sources */ = {isa = PBXBuildFile; fileRef = 6039359B211F9DD500FC838C /* SimpleInteractiveButton.swift */; };
		6039359E211FBA5D00FC838C /* PhotoOptionsVCTransitioning.swift in Sources */ = {isa = PBXBuildFile; fileRef = 6039359D211FBA5D00FC838C /* PhotoOptionsVCTransitioning.swift */; };
		603C62FC216BA65600A64094 /* PhotoVideoThumbnailPreview.swift in Sources */ = {isa = PBXBuildFile; fileRef = 603C62FB216BA65600A64094 /* PhotoVideoThumbnailPreview.swift */; };
		603C830A2111E15900592E18 /* PhotoLibraryCollectionViewCell.swift in Sources */ = {isa = PBXBuildFile; fileRef = 603C83092111E15900592E18 /* PhotoLibraryCollectionViewCell.swift */; };
		603C830C211297F000592E18 /* CCSearchController.swift in Sources */ = {isa = PBXBuildFile; fileRef = 603C830B211297F000592E18 /* CCSearchController.swift */; };
		6044ED7220E44A9700098F22 /* AppDelegate.swift in Sources */ = {isa = PBXBuildFile; fileRef = 6044ED7120E44A9700098F22 /* AppDelegate.swift */; };
		6044ED7420E44A9700098F22 /* SCTableView.swift in Sources */ = {isa = PBXBuildFile; fileRef = 6044ED7320E44A9700098F22 /* SCTableView.swift */; };
		6044ED7720E44A9700098F22 /* Main.storyboard in Resources */ = {isa = PBXBuildFile; fileRef = 6044ED7520E44A9700098F22 /* Main.storyboard */; };
		6044ED7A20E44A9700098F22 /* CamChat.xcdatamodeld in Sources */ = {isa = PBXBuildFile; fileRef = 6044ED7820E44A9700098F22 /* CamChat.xcdatamodeld */; };
		6044ED7C20E44A9800098F22 /* Assets.xcassets in Resources */ = {isa = PBXBuildFile; fileRef = 6044ED7B20E44A9800098F22 /* Assets.xcassets */; };
		6044ED7F20E44A9800098F22 /* LaunchScreen.storyboard in Resources */ = {isa = PBXBuildFile; fileRef = 6044ED7D20E44A9800098F22 /* LaunchScreen.storyboard */; };
		6048693E21617CEA00DECBB0 /* Memory.swift in Sources */ = {isa = PBXBuildFile; fileRef = 6048693C21617CEA00DECBB0 /* Memory.swift */; };
		604A56AD217A889D001A9865 /* HelpKit.framework in Frameworks */ = {isa = PBXBuildFile; fileRef = 604A56AC217A889D001A9865 /* HelpKit.framework */; settings = {ATTRIBUTES = (Weak, ); }; };
		604A56AF217A890F001A9865 /* HelpKit.framework in CopyFiles */ = {isa = PBXBuildFile; fileRef = 604A56AC217A889D001A9865 /* HelpKit.framework */; settings = {ATTRIBUTES = (CodeSignOnCopy, RemoveHeadersOnCopy, ); }; };
		604A789A20FA463D00E5257D /* Login_LoginVC.swift in Sources */ = {isa = PBXBuildFile; fileRef = 604A789920FA463D00E5257D /* Login_LoginVC.swift */; };
		604A789C20FA556A00E5257D /* LoginFormVCTemplate.swift in Sources */ = {isa = PBXBuildFile; fileRef = 604A789B20FA556A00E5257D /* LoginFormVCTemplate.swift */; };
		604A789E20FA84C900E5257D /* LoginTextFieldView.swift in Sources */ = {isa = PBXBuildFile; fileRef = 604A789D20FA84C900E5257D /* LoginTextFieldView.swift */; };
		604A78A020FA88B500E5257D /* LoginButtonView.swift in Sources */ = {isa = PBXBuildFile; fileRef = 604A789F20FA88B500E5257D /* LoginButtonView.swift */; };
		604A78A220FBD35B00E5257D /* LoginInputFormView.swift in Sources */ = {isa = PBXBuildFile; fileRef = 604A78A120FBD35B00E5257D /* LoginInputFormView.swift */; };
		604AD0DC211D1E6D00067B76 /* SendButton.swift in Sources */ = {isa = PBXBuildFile; fileRef = 604AD0DB211D1E6D00067B76 /* SendButton.swift */; };
		604C67ED21545237007FC45E /* MessageSender.swift in Sources */ = {isa = PBXBuildFile; fileRef = 604C67EC21545237007FC45E /* MessageSender.swift */; };
		605B1C2D20E7A595008584BC /* CameraVC.swift in Sources */ = {isa = PBXBuildFile; fileRef = 605B1C2C20E7A595008584BC /* CameraVC.swift */; };
		605F1B7B20FC109D003CCD0B /* Login_SignUp_Username.swift in Sources */ = {isa = PBXBuildFile; fileRef = 605F1B7A20FC109D003CCD0B /* Login_SignUp_Username.swift */; };
		605F1B7D20FC137C003CCD0B /* Variations.swift in Sources */ = {isa = PBXBuildFile; fileRef = 605F1B7C20FC137C003CCD0B /* Variations.swift */; };
		605F1B8120FCB3E4003CCD0B /* Login_SignUp_Name.swift in Sources */ = {isa = PBXBuildFile; fileRef = 605F1B8020FCB3E4003CCD0B /* Login_SignUp_Name.swift */; };
		605F1B8320FCB575003CCD0B /* SimpleLabelledButton.swift in Sources */ = {isa = PBXBuildFile; fileRef = 605F1B8220FCB575003CCD0B /* SimpleLabelledButton.swift */; };
		605F1B8520FCC8F1003CCD0B /* Login_SignUp_Email.swift in Sources */ = {isa = PBXBuildFile; fileRef = 605F1B8420FCC8F1003CCD0B /* Login_SignUp_Email.swift */; };
		606FBAD120E9110C00F6FA58 /* ConversationsTableView.swift in Sources */ = {isa = PBXBuildFile; fileRef = 606FBAD020E9110C00F6FA58 /* ConversationsTableView.swift */; };
		606FBAD320E9112200F6FA58 /* PhotoLibraryCollectionVC.swift in Sources */ = {isa = PBXBuildFile; fileRef = 606FBAD220E9112200F6FA58 /* PhotoLibraryCollectionVC.swift */; };
		606FBAD520E91CD800F6FA58 /* PhotoLibraryLayout.swift in Sources */ = {isa = PBXBuildFile; fileRef = 606FBAD420E91CD800F6FA58 /* PhotoLibraryLayout.swift */; };
		6071E70E20E7C2830040E5CC /* ButtonNavigationView.swift in Sources */ = {isa = PBXBuildFile; fileRef = 6071E70D20E7C2830040E5CC /* ButtonNavigationView.swift */; };
		6077F75B213038B30015A321 /* SettingsScrollViewContent.swift in Sources */ = {isa = PBXBuildFile; fileRef = 6077F75A213038B30015A321 /* SettingsScrollViewContent.swift */; };
		6078A80B21453FAF000AD505 /* CurrentUserInfo.swift in Sources */ = {isa = PBXBuildFile; fileRef = 6078A80A21453FAF000AD505 /* CurrentUserInfo.swift */; };
		6078A80E2145E6B1000AD505 /* ConversationCellVM.swift in Sources */ = {isa = PBXBuildFile; fileRef = 6078A80D2145E6B1000AD505 /* ConversationCellVM.swift */; };
		607F4A9B21736A6400193F64 /* StorageManagerVC.swift in Sources */ = {isa = PBXBuildFile; fileRef = 607F4A9A21736A6400193F64 /* StorageManagerVC.swift */; };
		6083C23D213A062500A90046 /* Login_SignUp_ProfilePicture.swift in Sources */ = {isa = PBXBuildFile; fileRef = 6083C23C213A062500A90046 /* Login_SignUp_ProfilePicture.swift */; };
		608C87B2217217F600276EFE /* URLManager.swift in Sources */ = {isa = PBXBuildFile; fileRef = 608C87B1217217F600276EFE /* URLManager.swift */; };
		60920BD02103722E00B4AFEF /* ChatViewController.swift in Sources */ = {isa = PBXBuildFile; fileRef = 60920BCF2103722E00B4AFEF /* ChatViewController.swift */; };
		60920BD22103726500B4AFEF /* ChatKeyboardShortcutView.swift in Sources */ = {isa = PBXBuildFile; fileRef = 60920BD12103726500B4AFEF /* ChatKeyboardShortcutView.swift */; };
		609394072138145C00C62671 /* LoginModelTests.swift in Sources */ = {isa = PBXBuildFile; fileRef = 609394062138145C00C62671 /* LoginModelTests.swift */; };
		6093940E213818A600C62671 /* Pods_CamChat.framework in Frameworks */ = {isa = PBXBuildFile; fileRef = 85F770E7C208483F91509480 /* Pods_CamChat.framework */; };
		6096CCDD20F15FE30052EE16 /* Images.swift in Sources */ = {isa = PBXBuildFile; fileRef = 6096CCDC20F15FE30052EE16 /* Images.swift */; };
		6096CCDF20F168490052EE16 /* CCSearchBar.swift in Sources */ = {isa = PBXBuildFile; fileRef = 6096CCDE20F168490052EE16 /* CCSearchBar.swift */; };
		60A1D49C2129D3E800C52FA3 /* PhotoOptionsMiniVC.swift in Sources */ = {isa = PBXBuildFile; fileRef = 60A1D49B2129D3E800C52FA3 /* PhotoOptionsMiniVC.swift */; };
		60A1D49E2129D43D00C52FA3 /* PhotoOptionsMiniTransitioning.swift in Sources */ = {isa = PBXBuildFile; fileRef = 60A1D49D2129D43D00C52FA3 /* PhotoOptionsMiniTransitioning.swift */; };
		60A5ED33216CD8CD0000BEBC /* PhotoVideoWindowViewer.swift in Sources */ = {isa = PBXBuildFile; fileRef = 60A5ED32216CD8CD0000BEBC /* PhotoVideoWindowViewer.swift */; };
		60A67EE92166BF3F007A191D /* Memory_ConvenienceStuff.swift in Sources */ = {isa = PBXBuildFile; fileRef = 60A67EE82166BF3F007A191D /* Memory_ConvenienceStuff.swift */; };
		60A8955320F572FB00E4E644 /* SCPagerView.swift in Sources */ = {isa = PBXBuildFile; fileRef = 60A8955220F572FB00E4E644 /* SCPagerView.swift */; };
		60A90B352157F07A0023A938 /* CameraCaptureButton.swift in Sources */ = {isa = PBXBuildFile; fileRef = 60A90B342157F07A0023A938 /* CameraCaptureButton.swift */; };
		60A90EA421363661000205A9 /* LoginVCsTransitioning.swift in Sources */ = {isa = PBXBuildFile; fileRef = 60A90EA321363661000205A9 /* LoginVCsTransitioning.swift */; };
		60B0F19D21417AE500D9DDD8 /* TempMessage.swift in Sources */ = {isa = PBXBuildFile; fileRef = 60B0F19C21417AE500D9DDD8 /* TempMessage.swift */; };
		60B0F1A02142126900D9DDD8 /* CoreDataSynchronizer.swift in Sources */ = {isa = PBXBuildFile; fileRef = 60B0F19F2142126900D9DDD8 /* CoreDataSynchronizer.swift */; };
		60B1078720EA46DA006E0866 /* ConversationCell.swift in Sources */ = {isa = PBXBuildFile; fileRef = 60B1078620EA46DA006E0866 /* ConversationCell.swift */; };
		60B1566E211710F300D1B2AA /* SearchVCXDeleteButton.swift in Sources */ = {isa = PBXBuildFile; fileRef = 60B1566D211710F300D1B2AA /* SearchVCXDeleteButton.swift */; };
		60B506702104915600A9E94A /* LoginVM.swift in Sources */ = {isa = PBXBuildFile; fileRef = 60B5066F2104915600A9E94A /* LoginVM.swift */; };
		60B506732104A00700A9E94A /* ChatControllerTransitioning.swift in Sources */ = {isa = PBXBuildFile; fileRef = 60B506722104A00700A9E94A /* ChatControllerTransitioning.swift */; };
		60B75C3C2155AAC200B997C6 /* ChatMessagesTableViewHeader.swift in Sources */ = {isa = PBXBuildFile; fileRef = 60B75C3B2155AAC200B997C6 /* ChatMessagesTableViewHeader.swift */; };
		60B99EA020EE3F4800660F9B /* SettingsVC.swift in Sources */ = {isa = PBXBuildFile; fileRef = 60B99E9F20EE3F4800660F9B /* SettingsVC.swift */; };
		60BAD8592132C5CC00B0D205 /* GoogleService-Info.plist in Resources */ = {isa = PBXBuildFile; fileRef = 60BAD8582132C5CC00B0D205 /* GoogleService-Info.plist */; };
		60BAF21E21186E1000860E51 /* PhotoLibraryViewerVCTransitioning.swift in Sources */ = {isa = PBXBuildFile; fileRef = 60BAF21D21186E1000860E51 /* PhotoLibraryViewerVCTransitioning.swift */; };
		60BC38192138CA16000833DF /* InterfaceManager.swift in Sources */ = {isa = PBXBuildFile; fileRef = 60BC38182138CA16000833DF /* InterfaceManager.swift */; };
		60C23F0E2103BA1B00D78F77 /* ChatMessagesTableView.swift in Sources */ = {isa = PBXBuildFile; fileRef = 60C23F0D2103BA1B00D78F77 /* ChatMessagesTableView.swift */; };
		60CABF4320FD85D4008D5780 /* Login_SignUp_Password.swift in Sources */ = {isa = PBXBuildFile; fileRef = 60CABF4220FD85D4008D5780 /* Login_SignUp_Password.swift */; };
		60CDF4D42151BB190043B3D4 /* FirebaseSynchronizer.swift in Sources */ = {isa = PBXBuildFile; fileRef = 60CDF4D32151BB190043B3D4 /* FirebaseSynchronizer.swift */; };
		60D11BB1213B7A2400827010 /* User.swift in Sources */ = {isa = PBXBuildFile; fileRef = 60D11BAD213B7A2300827010 /* User.swift */; };
		60D11BB2213B7A2400827010 /* Message.swift in Sources */ = {isa = PBXBuildFile; fileRef = 60D11BAE213B7A2300827010 /* Message.swift */; };
		60D11BB6213B869E00827010 /* ConvenienceExtensions.swift in Sources */ = {isa = PBXBuildFile; fileRef = 60D11BB5213B869E00827010 /* ConvenienceExtensions.swift */; };
		60D11BB8213C3C3300827010 /* TempUser.swift in Sources */ = {isa = PBXBuildFile; fileRef = 60D11BB7213C3C3300827010 /* TempUser.swift */; };
		60D11BBA213C41EC00827010 /* DataCoordinator.swift in Sources */ = {isa = PBXBuildFile; fileRef = 60D11BB9213C41EC00827010 /* DataCoordinator.swift */; };
		60D72CC821698973000C1E78 /* MemorySenderBottomBar.swift in Sources */ = {isa = PBXBuildFile; fileRef = 60D72CC721698973000C1E78 /* MemorySenderBottomBar.swift */; };
		60D72CCD216A3809000C1E78 /* MemorySenderTransitioning.swift in Sources */ = {isa = PBXBuildFile; fileRef = 60D72CCC216A3809000C1E78 /* MemorySenderTransitioning.swift */; };
		60D72CCF216A7BE4000C1E78 /* Message_MessageData.swift in Sources */ = {isa = PBXBuildFile; fileRef = 60D72CCE216A7BE4000C1E78 /* Message_MessageData.swift */; };
		60D93EFC2117A1F600706BC4 /* PhotoLibraryViewerVC.swift in Sources */ = {isa = PBXBuildFile; fileRef = 60D93EFB2117A1F600706BC4 /* PhotoLibraryViewerVC.swift */; };
		60DA8A5C2115F74E00722B78 /* CCSearchVCTransition.swift in Sources */ = {isa = PBXBuildFile; fileRef = 60DA8A5B2115F74E00722B78 /* CCSearchVCTransition.swift */; };
		60DA8A5E2115FE4000722B78 /* Screen_ButtonResponses.swift in Sources */ = {isa = PBXBuildFile; fileRef = 60DA8A5D2115FE4000722B78 /* Screen_ButtonResponses.swift */; };
		60DA8A602116063600722B78 /* CCSearchConstants.swift in Sources */ = {isa = PBXBuildFile; fileRef = 60DA8A5F2116063600722B78 /* CCSearchConstants.swift */; };
		60DA8A6221161AFC00722B78 /* CCSearchTableViewCell.swift in Sources */ = {isa = PBXBuildFile; fileRef = 60DA8A6121161AFC00722B78 /* CCSearchTableViewCell.swift */; };
		60DA8A6421161CE500722B78 /* CCSearchTableView.swift in Sources */ = {isa = PBXBuildFile; fileRef = 60DA8A6321161CE500722B78 /* CCSearchTableView.swift */; };
		60DA8A662116674300722B78 /* BouncySearchIcon.swift in Sources */ = {isa = PBXBuildFile; fileRef = 60DA8A652116674300722B78 /* BouncySearchIcon.swift */; };
		60DD327E211BDD8D0087270F /* BouncyButton.swift in Sources */ = {isa = PBXBuildFile; fileRef = 60DD327D211BDD8D0087270F /* BouncyButton.swift */; };
		60DED93C20FE198E007DD680 /* Colors.swift in Sources */ = {isa = PBXBuildFile; fileRef = 60DED93B20FE198E007DD680 /* Colors.swift */; };
		60E267FB2167A82F002E066C /* Memory_PhotoVideoData.swift in Sources */ = {isa = PBXBuildFile; fileRef = 60E267FA2167A82F002E066C /* Memory_PhotoVideoData.swift */; };
		60E267FE2167AC40002E066C /* VideoThumbnailPreview.swift in Sources */ = {isa = PBXBuildFile; fileRef = 60E267FD2167AC40002E066C /* VideoThumbnailPreview.swift */; };
		60E268002168033D002E066C /* SearchTableVCTemplate.swift in Sources */ = {isa = PBXBuildFile; fileRef = 60E267FF2168033D002E066C /* SearchTableVCTemplate.swift */; };
		60E268032168468D002E066C /* MemorySenderVC.swift in Sources */ = {isa = PBXBuildFile; fileRef = 60E268022168468D002E066C /* MemorySenderVC.swift */; };
		60E268052168E75D002E066C /* MemorySenderTableView.swift in Sources */ = {isa = PBXBuildFile; fileRef = 60E268042168E75D002E066C /* MemorySenderTableView.swift */; };
		60E268082168E7A9002E066C /* MemorySenderMessageCell.swift in Sources */ = {isa = PBXBuildFile; fileRef = 60E268072168E7A9002E066C /* MemorySenderMessageCell.swift */; };
		60E2680A2168E7B5002E066C /* MemorySenderUserCell.swift in Sources */ = {isa = PBXBuildFile; fileRef = 60E268092168E7B5002E066C /* MemorySenderUserCell.swift */; };
		60E2680D21690428002E066C /* MemorySenderVM.swift in Sources */ = {isa = PBXBuildFile; fileRef = 60E2680C21690428002E066C /* MemorySenderVM.swift */; };
		60E528F12124CD4B0049E92B /* CCAlertController.swift in Sources */ = {isa = PBXBuildFile; fileRef = 60E528F02124CD4B0049E92B /* CCAlertController.swift */; };
		60E528F32124D1090049E92B /* CCAlertControllerTransitioning.swift in Sources */ = {isa = PBXBuildFile; fileRef = 60E528F22124D1090049E92B /* CCAlertControllerTransitioning.swift */; };
		60E5E86B2144739A007B27AD /* ChatMessagesTableViewCell.swift in Sources */ = {isa = PBXBuildFile; fileRef = 60E5E86A2144739A007B27AD /* ChatMessagesTableViewCell.swift */; };
		60EB659520E5B8A0000FFB82 /* Login_MainVC.swift in Sources */ = {isa = PBXBuildFile; fileRef = 60EB659420E5B8A0000FFB82 /* Login_MainVC.swift */; };
		60ECBD3F2155911500551879 /* ChatTableViewVM.swift in Sources */ = {isa = PBXBuildFile; fileRef = 60ECBD3E2155911500551879 /* ChatTableViewVM.swift */; };
		60F295D3215CFB0D00E490D8 /* Camera.swift in Sources */ = {isa = PBXBuildFile; fileRef = 60F295D2215CFB0D00E490D8 /* Camera.swift */; };
		60F295D6215CFF0200E490D8 /* VideoWriter.swift in Sources */ = {isa = PBXBuildFile; fileRef = 60F295D5215CFF0200E490D8 /* VideoWriter.swift */; };
		60F3F1F021756B2A00ABBBE0 /* NameChangerVC.swift in Sources */ = {isa = PBXBuildFile; fileRef = 60F3F1EF21756B2A00ABBBE0 /* NameChangerVC.swift */; };
		60F3F1F321756DC300ABBBE0 /* SettingsNavigationVC.swift in Sources */ = {isa = PBXBuildFile; fileRef = 60F3F1F221756DC300ABBBE0 /* SettingsNavigationVC.swift */; };
		60F3F1F521756E3900ABBBE0 /* SettingsScreenVC.swift in Sources */ = {isa = PBXBuildFile; fileRef = 60F3F1F421756E3900ABBBE0 /* SettingsScreenVC.swift */; };
		60F3F1F7217674F000ABBBE0 /* CCListViewBackgroundView.swift in Sources */ = {isa = PBXBuildFile; fileRef = 60F3F1F6217674F000ABBBE0 /* CCListViewBackgroundView.swift */; };
		60F4CD0220E47B0000B06458 /* Screen_Storage.swift in Sources */ = {isa = PBXBuildFile; fileRef = 60F4CD0120E47B0000B06458 /* Screen_Storage.swift */; };
		60FFCB73213346750011FBB3 /* FireStore.swift in Sources */ = {isa = PBXBuildFile; fileRef = 60FFCB72213346750011FBB3 /* FireStore.swift */; };
		7EA4A4E8E818C4CFC5F79C35 /* Pods_CamChatTests.framework in Frameworks */ = {isa = PBXBuildFile; fileRef = EA4F34E521F2D73C1D0EA8D4 /* Pods_CamChatTests.framework */; };
/* End PBXBuildFile section */

/* Begin PBXContainerItemProxy section */
		609394092138145C00C62671 /* PBXContainerItemProxy */ = {
			isa = PBXContainerItemProxy;
			containerPortal = 6044ED6620E44A9700098F22 /* Project object */;
			proxyType = 1;
			remoteGlobalIDString = 6044ED6D20E44A9700098F22;
			remoteInfo = CamChat;
		};
/* End PBXContainerItemProxy section */

/* Begin PBXCopyFilesBuildPhase section */
		60470E6F20FA367700C947E6 /* Embed Frameworks */ = {
			isa = PBXCopyFilesBuildPhase;
			buildActionMask = 8;
			dstPath = "";
			dstSubfolderSpec = 10;
			files = (
				600190E1215AD58D007F8C1F /* AVFoundation.framework in Embed Frameworks */,
			);
			name = "Embed Frameworks";
			runOnlyForDeploymentPostprocessing = 1;
		};
		604A56AE217A88D4001A9865 /* CopyFiles */ = {
			isa = PBXCopyFilesBuildPhase;
			buildActionMask = 2147483647;
			dstPath = "";
			dstSubfolderSpec = 10;
			files = (
				604A56AF217A890F001A9865 /* HelpKit.framework in CopyFiles */,
			);
			runOnlyForDeploymentPostprocessing = 0;
		};
/* End PBXCopyFilesBuildPhase section */

/* Begin PBXFileReference section */
		1E3C6D283F8CDAE2806B48A1 /* Pods-CamChat.debug.xcconfig */ = {isa = PBXFileReference; includeInIndex = 1; lastKnownFileType = text.xcconfig; name = "Pods-CamChat.debug.xcconfig"; path = "Pods/Target Support Files/Pods-CamChat/Pods-CamChat.debug.xcconfig"; sourceTree = "<group>"; };
		4C1FB644DF89A083AF940495 /* Pods-CamChatTests.release.xcconfig */ = {isa = PBXFileReference; includeInIndex = 1; lastKnownFileType = text.xcconfig; name = "Pods-CamChatTests.release.xcconfig"; path = "Pods/Target Support Files/Pods-CamChatTests/Pods-CamChatTests.release.xcconfig"; sourceTree = "<group>"; };
		600190DB215ABCB5007F8C1F /* CameraPhotoVideoPreviewVC.swift */ = {isa = PBXFileReference; lastKnownFileType = sourcecode.swift; path = CameraPhotoVideoPreviewVC.swift; sourceTree = "<group>"; };
		600190DE215AD581007F8C1F /* AVFoundation.framework */ = {isa = PBXFileReference; lastKnownFileType = wrapper.framework; name = AVFoundation.framework; path = System/Library/Frameworks/AVFoundation.framework; sourceTree = SDKROOT; };
		6001AD4F215B24CB00EF2F46 /* SimpleVideoPlayer.swift */ = {isa = PBXFileReference; lastKnownFileType = sourcecode.swift; path = SimpleVideoPlayer.swift; sourceTree = "<group>"; };
		6004501C213ECCAF000CAED7 /* SearchControllerVM.swift */ = {isa = PBXFileReference; lastKnownFileType = sourcecode.swift; path = SearchControllerVM.swift; sourceTree = "<group>"; };
		6010B1C320F288FF00B94289 /* ButtonsTopBar.swift */ = {isa = PBXFileReference; lastKnownFileType = sourcecode.swift; path = ButtonsTopBar.swift; sourceTree = "<group>"; };
		6011896A20FEDA3600C87C74 /* BouncyImageButton.swift */ = {isa = PBXFileReference; lastKnownFileType = sourcecode.swift; path = BouncyImageButton.swift; sourceTree = "<group>"; };
		6016835A216077C400948791 /* Flasher.swift */ = {isa = PBXFileReference; lastKnownFileType = sourcecode.swift; path = Flasher.swift; sourceTree = "<group>"; };
		6016835D2160E3C800948791 /* PhotoWriter.swift */ = {isa = PBXFileReference; lastKnownFileType = sourcecode.swift; path = PhotoWriter.swift; sourceTree = "<group>"; };
		601D0D33210DD656007C47C9 /* ChatTopBar.swift */ = {isa = PBXFileReference; lastKnownFileType = sourcecode.swift; path = ChatTopBar.swift; sourceTree = "<group>"; };
		601D0D35210DEDCA007C47C9 /* ScreenTopBar.swift */ = {isa = PBXFileReference; lastKnownFileType = sourcecode.swift; path = ScreenTopBar.swift; sourceTree = "<group>"; };
		601FADC6210A8581003094AF /* Screen_Interaction.swift */ = {isa = PBXFileReference; lastKnownFileType = sourcecode.swift; path = Screen_Interaction.swift; sourceTree = "<group>"; };
		601FADC8210A87F8003094AF /* Screen_Layout.swift */ = {isa = PBXFileReference; lastKnownFileType = sourcecode.swift; path = Screen_Layout.swift; sourceTree = "<group>"; };
		602D5044216AE80D00CBE14E /* TempMessage_Conformance.swift */ = {isa = PBXFileReference; lastKnownFileType = sourcecode.swift; path = TempMessage_Conformance.swift; sourceTree = "<group>"; };
		6036553020F22EEB00536DEF /* Fonts.swift */ = {isa = PBXFileReference; lastKnownFileType = sourcecode.swift; path = Fonts.swift; sourceTree = "<group>"; };
		6037BDD42166898800BBD716 /* PhotoSelectionBars.swift */ = {isa = PBXFileReference; lastKnownFileType = sourcecode.swift; path = PhotoSelectionBars.swift; sourceTree = "<group>"; };
		6037BDD721668C1A00BBD716 /* Screen_OtherRandomStuff.swift */ = {isa = PBXFileReference; lastKnownFileType = sourcecode.swift; path = Screen_OtherRandomStuff.swift; sourceTree = "<group>"; };
		6037E049213368F40069329F /* Convenience Alerts.swift */ = {isa = PBXFileReference; lastKnownFileType = sourcecode.swift; path = "Convenience Alerts.swift"; sourceTree = "<group>"; };
		6037E04B213373850069329F /* Notifications.swift */ = {isa = PBXFileReference; lastKnownFileType = sourcecode.swift; path = Notifications.swift; sourceTree = "<group>"; };
		60393593211F834300FC838C /* PhotoOptionMenu.swift */ = {isa = PBXFileReference; lastKnownFileType = sourcecode.swift; path = PhotoOptionMenu.swift; sourceTree = "<group>"; };
		60393599211F946000FC838C /* PhotoOptionsVC.swift */ = {isa = PBXFileReference; lastKnownFileType = sourcecode.swift; path = PhotoOptionsVC.swift; sourceTree = "<group>"; };
		6039359B211F9DD500FC838C /* SimpleInteractiveButton.swift */ = {isa = PBXFileReference; lastKnownFileType = sourcecode.swift; path = SimpleInteractiveButton.swift; sourceTree = "<group>"; };
		6039359D211FBA5D00FC838C /* PhotoOptionsVCTransitioning.swift */ = {isa = PBXFileReference; lastKnownFileType = sourcecode.swift; path = PhotoOptionsVCTransitioning.swift; sourceTree = "<group>"; };
		603C62FB216BA65600A64094 /* PhotoVideoThumbnailPreview.swift */ = {isa = PBXFileReference; lastKnownFileType = sourcecode.swift; path = PhotoVideoThumbnailPreview.swift; sourceTree = "<group>"; };
		603C83092111E15900592E18 /* PhotoLibraryCollectionViewCell.swift */ = {isa = PBXFileReference; lastKnownFileType = sourcecode.swift; path = PhotoLibraryCollectionViewCell.swift; sourceTree = "<group>"; };
		603C830B211297F000592E18 /* CCSearchController.swift */ = {isa = PBXFileReference; lastKnownFileType = sourcecode.swift; path = CCSearchController.swift; sourceTree = "<group>"; };
		6044ED6E20E44A9700098F22 /* CamChat.app */ = {isa = PBXFileReference; explicitFileType = wrapper.application; includeInIndex = 0; path = CamChat.app; sourceTree = BUILT_PRODUCTS_DIR; };
		6044ED7120E44A9700098F22 /* AppDelegate.swift */ = {isa = PBXFileReference; lastKnownFileType = sourcecode.swift; path = AppDelegate.swift; sourceTree = "<group>"; };
		6044ED7320E44A9700098F22 /* SCTableView.swift */ = {isa = PBXFileReference; lastKnownFileType = sourcecode.swift; path = SCTableView.swift; sourceTree = "<group>"; };
		6044ED7620E44A9700098F22 /* Base */ = {isa = PBXFileReference; lastKnownFileType = file.storyboard; name = Base; path = Base.lproj/Main.storyboard; sourceTree = "<group>"; };
		6044ED7920E44A9700098F22 /* CamChat.xcdatamodel */ = {isa = PBXFileReference; lastKnownFileType = wrapper.xcdatamodel; path = CamChat.xcdatamodel; sourceTree = "<group>"; };
		6044ED7B20E44A9800098F22 /* Assets.xcassets */ = {isa = PBXFileReference; lastKnownFileType = folder.assetcatalog; path = Assets.xcassets; sourceTree = "<group>"; };
		6044ED7E20E44A9800098F22 /* Base */ = {isa = PBXFileReference; lastKnownFileType = file.storyboard; name = Base; path = Base.lproj/LaunchScreen.storyboard; sourceTree = "<group>"; };
		6044ED8020E44A9800098F22 /* Info.plist */ = {isa = PBXFileReference; lastKnownFileType = text.plist.xml; path = Info.plist; sourceTree = "<group>"; };
		6048693C21617CEA00DECBB0 /* Memory.swift */ = {isa = PBXFileReference; lastKnownFileType = sourcecode.swift; path = Memory.swift; sourceTree = "<group>"; };
		604A56AC217A889D001A9865 /* HelpKit.framework */ = {isa = PBXFileReference; lastKnownFileType = wrapper.framework; path = HelpKit.framework; sourceTree = "<group>"; };
		604A789920FA463D00E5257D /* Login_LoginVC.swift */ = {isa = PBXFileReference; lastKnownFileType = sourcecode.swift; path = Login_LoginVC.swift; sourceTree = "<group>"; };
		604A789B20FA556A00E5257D /* LoginFormVCTemplate.swift */ = {isa = PBXFileReference; lastKnownFileType = sourcecode.swift; path = LoginFormVCTemplate.swift; sourceTree = "<group>"; };
		604A789D20FA84C900E5257D /* LoginTextFieldView.swift */ = {isa = PBXFileReference; lastKnownFileType = sourcecode.swift; path = LoginTextFieldView.swift; sourceTree = "<group>"; };
		604A789F20FA88B500E5257D /* LoginButtonView.swift */ = {isa = PBXFileReference; lastKnownFileType = sourcecode.swift; path = LoginButtonView.swift; sourceTree = "<group>"; };
		604A78A120FBD35B00E5257D /* LoginInputFormView.swift */ = {isa = PBXFileReference; lastKnownFileType = sourcecode.swift; path = LoginInputFormView.swift; sourceTree = "<group>"; };
		604AD0DB211D1E6D00067B76 /* SendButton.swift */ = {isa = PBXFileReference; lastKnownFileType = sourcecode.swift; path = SendButton.swift; sourceTree = "<group>"; };
		604C67EC21545237007FC45E /* MessageSender.swift */ = {isa = PBXFileReference; lastKnownFileType = sourcecode.swift; path = MessageSender.swift; sourceTree = "<group>"; };
		605B1C2C20E7A595008584BC /* CameraVC.swift */ = {isa = PBXFileReference; lastKnownFileType = sourcecode.swift; path = CameraVC.swift; sourceTree = "<group>"; };
		605F1B7A20FC109D003CCD0B /* Login_SignUp_Username.swift */ = {isa = PBXFileReference; lastKnownFileType = sourcecode.swift; path = Login_SignUp_Username.swift; sourceTree = "<group>"; };
		605F1B7C20FC137C003CCD0B /* Variations.swift */ = {isa = PBXFileReference; lastKnownFileType = sourcecode.swift; path = Variations.swift; sourceTree = "<group>"; };
		605F1B8020FCB3E4003CCD0B /* Login_SignUp_Name.swift */ = {isa = PBXFileReference; lastKnownFileType = sourcecode.swift; path = Login_SignUp_Name.swift; sourceTree = "<group>"; };
		605F1B8220FCB575003CCD0B /* SimpleLabelledButton.swift */ = {isa = PBXFileReference; lastKnownFileType = sourcecode.swift; path = SimpleLabelledButton.swift; sourceTree = "<group>"; };
		605F1B8420FCC8F1003CCD0B /* Login_SignUp_Email.swift */ = {isa = PBXFileReference; lastKnownFileType = sourcecode.swift; path = Login_SignUp_Email.swift; sourceTree = "<group>"; };
		606FBAD020E9110C00F6FA58 /* ConversationsTableView.swift */ = {isa = PBXFileReference; lastKnownFileType = sourcecode.swift; path = ConversationsTableView.swift; sourceTree = "<group>"; };
		606FBAD220E9112200F6FA58 /* PhotoLibraryCollectionVC.swift */ = {isa = PBXFileReference; lastKnownFileType = sourcecode.swift; path = PhotoLibraryCollectionVC.swift; sourceTree = "<group>"; };
		606FBAD420E91CD800F6FA58 /* PhotoLibraryLayout.swift */ = {isa = PBXFileReference; lastKnownFileType = sourcecode.swift; path = PhotoLibraryLayout.swift; sourceTree = "<group>"; };
		6071E70D20E7C2830040E5CC /* ButtonNavigationView.swift */ = {isa = PBXFileReference; lastKnownFileType = sourcecode.swift; path = ButtonNavigationView.swift; sourceTree = "<group>"; };
		6077F75A213038B30015A321 /* SettingsScrollViewContent.swift */ = {isa = PBXFileReference; lastKnownFileType = sourcecode.swift; path = SettingsScrollViewContent.swift; sourceTree = "<group>"; };
		6078A80A21453FAF000AD505 /* CurrentUserInfo.swift */ = {isa = PBXFileReference; lastKnownFileType = sourcecode.swift; path = CurrentUserInfo.swift; sourceTree = "<group>"; };
		6078A80D2145E6B1000AD505 /* ConversationCellVM.swift */ = {isa = PBXFileReference; lastKnownFileType = sourcecode.swift; path = ConversationCellVM.swift; sourceTree = "<group>"; };
		607F4A9A21736A6400193F64 /* StorageManagerVC.swift */ = {isa = PBXFileReference; lastKnownFileType = sourcecode.swift; path = StorageManagerVC.swift; sourceTree = "<group>"; };
		6083C23C213A062500A90046 /* Login_SignUp_ProfilePicture.swift */ = {isa = PBXFileReference; lastKnownFileType = sourcecode.swift; path = Login_SignUp_ProfilePicture.swift; sourceTree = "<group>"; };
		608C87B1217217F600276EFE /* URLManager.swift */ = {isa = PBXFileReference; lastKnownFileType = sourcecode.swift; path = URLManager.swift; sourceTree = "<group>"; };
		60920BCF2103722E00B4AFEF /* ChatViewController.swift */ = {isa = PBXFileReference; lastKnownFileType = sourcecode.swift; path = ChatViewController.swift; sourceTree = "<group>"; };
		60920BD12103726500B4AFEF /* ChatKeyboardShortcutView.swift */ = {isa = PBXFileReference; lastKnownFileType = sourcecode.swift; path = ChatKeyboardShortcutView.swift; sourceTree = "<group>"; };
		609394042138145B00C62671 /* CamChatTests.xctest */ = {isa = PBXFileReference; explicitFileType = wrapper.cfbundle; includeInIndex = 0; path = CamChatTests.xctest; sourceTree = BUILT_PRODUCTS_DIR; };
		609394062138145C00C62671 /* LoginModelTests.swift */ = {isa = PBXFileReference; lastKnownFileType = sourcecode.swift; path = LoginModelTests.swift; sourceTree = "<group>"; };
		609394082138145C00C62671 /* Info.plist */ = {isa = PBXFileReference; lastKnownFileType = text.plist.xml; path = Info.plist; sourceTree = "<group>"; };
		6096CCDC20F15FE30052EE16 /* Images.swift */ = {isa = PBXFileReference; lastKnownFileType = sourcecode.swift; path = Images.swift; sourceTree = "<group>"; };
		6096CCDE20F168490052EE16 /* CCSearchBar.swift */ = {isa = PBXFileReference; lastKnownFileType = sourcecode.swift; path = CCSearchBar.swift; sourceTree = "<group>"; };
		60A1D49B2129D3E800C52FA3 /* PhotoOptionsMiniVC.swift */ = {isa = PBXFileReference; lastKnownFileType = sourcecode.swift; path = PhotoOptionsMiniVC.swift; sourceTree = "<group>"; };
		60A1D49D2129D43D00C52FA3 /* PhotoOptionsMiniTransitioning.swift */ = {isa = PBXFileReference; lastKnownFileType = sourcecode.swift; path = PhotoOptionsMiniTransitioning.swift; sourceTree = "<group>"; };
		60A5ED32216CD8CD0000BEBC /* PhotoVideoWindowViewer.swift */ = {isa = PBXFileReference; lastKnownFileType = sourcecode.swift; path = PhotoVideoWindowViewer.swift; sourceTree = "<group>"; };
		60A67EE82166BF3F007A191D /* Memory_ConvenienceStuff.swift */ = {isa = PBXFileReference; lastKnownFileType = sourcecode.swift; path = Memory_ConvenienceStuff.swift; sourceTree = "<group>"; };
		60A8955220F572FB00E4E644 /* SCPagerView.swift */ = {isa = PBXFileReference; lastKnownFileType = sourcecode.swift; path = SCPagerView.swift; sourceTree = "<group>"; };
		60A8955420F5817500E4E644 /* MyPlayground.playground */ = {isa = PBXFileReference; lastKnownFileType = file.playground; path = MyPlayground.playground; sourceTree = "<group>"; xcLanguageSpecificationIdentifier = xcode.lang.swift; };
		60A90B342157F07A0023A938 /* CameraCaptureButton.swift */ = {isa = PBXFileReference; lastKnownFileType = sourcecode.swift; path = CameraCaptureButton.swift; sourceTree = "<group>"; };
		60A90EA321363661000205A9 /* LoginVCsTransitioning.swift */ = {isa = PBXFileReference; lastKnownFileType = sourcecode.swift; path = LoginVCsTransitioning.swift; sourceTree = "<group>"; };
		60B0F19C21417AE500D9DDD8 /* TempMessage.swift */ = {isa = PBXFileReference; lastKnownFileType = sourcecode.swift; path = TempMessage.swift; sourceTree = "<group>"; };
		60B0F19F2142126900D9DDD8 /* CoreDataSynchronizer.swift */ = {isa = PBXFileReference; lastKnownFileType = sourcecode.swift; path = CoreDataSynchronizer.swift; sourceTree = "<group>"; };
		60B1078620EA46DA006E0866 /* ConversationCell.swift */ = {isa = PBXFileReference; lastKnownFileType = sourcecode.swift; path = ConversationCell.swift; sourceTree = "<group>"; };
		60B1566D211710F300D1B2AA /* SearchVCXDeleteButton.swift */ = {isa = PBXFileReference; lastKnownFileType = sourcecode.swift; path = SearchVCXDeleteButton.swift; sourceTree = "<group>"; };
		60B5066F2104915600A9E94A /* LoginVM.swift */ = {isa = PBXFileReference; lastKnownFileType = sourcecode.swift; path = LoginVM.swift; sourceTree = "<group>"; };
		60B506722104A00700A9E94A /* ChatControllerTransitioning.swift */ = {isa = PBXFileReference; lastKnownFileType = sourcecode.swift; path = ChatControllerTransitioning.swift; sourceTree = "<group>"; tabWidth = 4; usesTabs = 0; wrapsLines = 1; };
		60B75C3B2155AAC200B997C6 /* ChatMessagesTableViewHeader.swift */ = {isa = PBXFileReference; lastKnownFileType = sourcecode.swift; path = ChatMessagesTableViewHeader.swift; sourceTree = "<group>"; };
		60B99E9F20EE3F4800660F9B /* SettingsVC.swift */ = {isa = PBXFileReference; lastKnownFileType = sourcecode.swift; path = SettingsVC.swift; sourceTree = "<group>"; };
		60BAD8582132C5CC00B0D205 /* GoogleService-Info.plist */ = {isa = PBXFileReference; fileEncoding = 4; lastKnownFileType = text.plist.xml; path = "GoogleService-Info.plist"; sourceTree = "<group>"; };
		60BAF21D21186E1000860E51 /* PhotoLibraryViewerVCTransitioning.swift */ = {isa = PBXFileReference; lastKnownFileType = sourcecode.swift; path = PhotoLibraryViewerVCTransitioning.swift; sourceTree = "<group>"; };
		60BC38182138CA16000833DF /* InterfaceManager.swift */ = {isa = PBXFileReference; lastKnownFileType = sourcecode.swift; path = InterfaceManager.swift; sourceTree = "<group>"; };
		60C23F0D2103BA1B00D78F77 /* ChatMessagesTableView.swift */ = {isa = PBXFileReference; lastKnownFileType = sourcecode.swift; path = ChatMessagesTableView.swift; sourceTree = "<group>"; };
		60CABF4220FD85D4008D5780 /* Login_SignUp_Password.swift */ = {isa = PBXFileReference; lastKnownFileType = sourcecode.swift; path = Login_SignUp_Password.swift; sourceTree = "<group>"; };
		60CDF4D32151BB190043B3D4 /* FirebaseSynchronizer.swift */ = {isa = PBXFileReference; lastKnownFileType = sourcecode.swift; path = FirebaseSynchronizer.swift; sourceTree = "<group>"; };
		60D11BAD213B7A2300827010 /* User.swift */ = {isa = PBXFileReference; fileEncoding = 4; lastKnownFileType = sourcecode.swift; path = User.swift; sourceTree = "<group>"; };
		60D11BAE213B7A2300827010 /* Message.swift */ = {isa = PBXFileReference; fileEncoding = 4; lastKnownFileType = sourcecode.swift; path = Message.swift; sourceTree = "<group>"; };
		60D11BB5213B869E00827010 /* ConvenienceExtensions.swift */ = {isa = PBXFileReference; lastKnownFileType = sourcecode.swift; path = ConvenienceExtensions.swift; sourceTree = "<group>"; };
		60D11BB7213C3C3300827010 /* TempUser.swift */ = {isa = PBXFileReference; lastKnownFileType = sourcecode.swift; path = TempUser.swift; sourceTree = "<group>"; };
		60D11BB9213C41EC00827010 /* DataCoordinator.swift */ = {isa = PBXFileReference; lastKnownFileType = sourcecode.swift; path = DataCoordinator.swift; sourceTree = "<group>"; };
		60D72CC721698973000C1E78 /* MemorySenderBottomBar.swift */ = {isa = PBXFileReference; lastKnownFileType = sourcecode.swift; path = MemorySenderBottomBar.swift; sourceTree = "<group>"; };
		60D72CCC216A3809000C1E78 /* MemorySenderTransitioning.swift */ = {isa = PBXFileReference; lastKnownFileType = sourcecode.swift; path = MemorySenderTransitioning.swift; sourceTree = "<group>"; };
		60D72CCE216A7BE4000C1E78 /* Message_MessageData.swift */ = {isa = PBXFileReference; lastKnownFileType = sourcecode.swift; path = Message_MessageData.swift; sourceTree = "<group>"; };
		60D93EFB2117A1F600706BC4 /* PhotoLibraryViewerVC.swift */ = {isa = PBXFileReference; lastKnownFileType = sourcecode.swift; path = PhotoLibraryViewerVC.swift; sourceTree = "<group>"; };
		60DA8A5B2115F74E00722B78 /* CCSearchVCTransition.swift */ = {isa = PBXFileReference; lastKnownFileType = sourcecode.swift; path = CCSearchVCTransition.swift; sourceTree = "<group>"; };
		60DA8A5D2115FE4000722B78 /* Screen_ButtonResponses.swift */ = {isa = PBXFileReference; lastKnownFileType = sourcecode.swift; path = Screen_ButtonResponses.swift; sourceTree = "<group>"; };
		60DA8A5F2116063600722B78 /* CCSearchConstants.swift */ = {isa = PBXFileReference; lastKnownFileType = sourcecode.swift; path = CCSearchConstants.swift; sourceTree = "<group>"; };
		60DA8A6121161AFC00722B78 /* CCSearchTableViewCell.swift */ = {isa = PBXFileReference; lastKnownFileType = sourcecode.swift; path = CCSearchTableViewCell.swift; sourceTree = "<group>"; };
		60DA8A6321161CE500722B78 /* CCSearchTableView.swift */ = {isa = PBXFileReference; lastKnownFileType = sourcecode.swift; path = CCSearchTableView.swift; sourceTree = "<group>"; };
		60DA8A652116674300722B78 /* BouncySearchIcon.swift */ = {isa = PBXFileReference; lastKnownFileType = sourcecode.swift; path = BouncySearchIcon.swift; sourceTree = "<group>"; };
		60DD327D211BDD8D0087270F /* BouncyButton.swift */ = {isa = PBXFileReference; lastKnownFileType = sourcecode.swift; path = BouncyButton.swift; sourceTree = "<group>"; };
		60DED93B20FE198E007DD680 /* Colors.swift */ = {isa = PBXFileReference; fileEncoding = 4; lastKnownFileType = sourcecode.swift; path = Colors.swift; sourceTree = "<group>"; };
		60E267FA2167A82F002E066C /* Memory_PhotoVideoData.swift */ = {isa = PBXFileReference; lastKnownFileType = sourcecode.swift; path = Memory_PhotoVideoData.swift; sourceTree = "<group>"; };
		60E267FD2167AC40002E066C /* VideoThumbnailPreview.swift */ = {isa = PBXFileReference; lastKnownFileType = sourcecode.swift; path = VideoThumbnailPreview.swift; sourceTree = "<group>"; };
		60E267FF2168033D002E066C /* SearchTableVCTemplate.swift */ = {isa = PBXFileReference; lastKnownFileType = sourcecode.swift; path = SearchTableVCTemplate.swift; sourceTree = "<group>"; };
		60E268022168468D002E066C /* MemorySenderVC.swift */ = {isa = PBXFileReference; lastKnownFileType = sourcecode.swift; path = MemorySenderVC.swift; sourceTree = "<group>"; };
		60E268042168E75D002E066C /* MemorySenderTableView.swift */ = {isa = PBXFileReference; lastKnownFileType = sourcecode.swift; path = MemorySenderTableView.swift; sourceTree = "<group>"; };
		60E268072168E7A9002E066C /* MemorySenderMessageCell.swift */ = {isa = PBXFileReference; lastKnownFileType = sourcecode.swift; path = MemorySenderMessageCell.swift; sourceTree = "<group>"; };
		60E268092168E7B5002E066C /* MemorySenderUserCell.swift */ = {isa = PBXFileReference; lastKnownFileType = sourcecode.swift; path = MemorySenderUserCell.swift; sourceTree = "<group>"; };
		60E2680C21690428002E066C /* MemorySenderVM.swift */ = {isa = PBXFileReference; lastKnownFileType = sourcecode.swift; path = MemorySenderVM.swift; sourceTree = "<group>"; };
		60E528F02124CD4B0049E92B /* CCAlertController.swift */ = {isa = PBXFileReference; lastKnownFileType = sourcecode.swift; path = CCAlertController.swift; sourceTree = "<group>"; };
		60E528F22124D1090049E92B /* CCAlertControllerTransitioning.swift */ = {isa = PBXFileReference; lastKnownFileType = sourcecode.swift; path = CCAlertControllerTransitioning.swift; sourceTree = "<group>"; };
		60E5E86A2144739A007B27AD /* ChatMessagesTableViewCell.swift */ = {isa = PBXFileReference; lastKnownFileType = sourcecode.swift; path = ChatMessagesTableViewCell.swift; sourceTree = "<group>"; };
		60EB659420E5B8A0000FFB82 /* Login_MainVC.swift */ = {isa = PBXFileReference; lastKnownFileType = sourcecode.swift; path = Login_MainVC.swift; sourceTree = "<group>"; };
		60ECBD3E2155911500551879 /* ChatTableViewVM.swift */ = {isa = PBXFileReference; lastKnownFileType = sourcecode.swift; name = ChatTableViewVM.swift; path = "/Users/patrickhanna/Documents/CamChat/CamChat/View Models/ChatTableViewVM.swift"; sourceTree = "<absolute>"; };
		60F295D2215CFB0D00E490D8 /* Camera.swift */ = {isa = PBXFileReference; lastKnownFileType = sourcecode.swift; path = Camera.swift; sourceTree = "<group>"; };
		60F295D5215CFF0200E490D8 /* VideoWriter.swift */ = {isa = PBXFileReference; lastKnownFileType = sourcecode.swift; path = VideoWriter.swift; sourceTree = "<group>"; };
		60F3F1EF21756B2A00ABBBE0 /* NameChangerVC.swift */ = {isa = PBXFileReference; lastKnownFileType = sourcecode.swift; path = NameChangerVC.swift; sourceTree = "<group>"; };
		60F3F1F221756DC300ABBBE0 /* SettingsNavigationVC.swift */ = {isa = PBXFileReference; lastKnownFileType = sourcecode.swift; path = SettingsNavigationVC.swift; sourceTree = "<group>"; };
		60F3F1F421756E3900ABBBE0 /* SettingsScreenVC.swift */ = {isa = PBXFileReference; lastKnownFileType = sourcecode.swift; path = SettingsScreenVC.swift; sourceTree = "<group>"; };
		60F3F1F6217674F000ABBBE0 /* CCListViewBackgroundView.swift */ = {isa = PBXFileReference; lastKnownFileType = sourcecode.swift; path = CCListViewBackgroundView.swift; sourceTree = "<group>"; };
		60F4CD0120E47B0000B06458 /* Screen_Storage.swift */ = {isa = PBXFileReference; lastKnownFileType = sourcecode.swift; path = Screen_Storage.swift; sourceTree = "<group>"; };
		60FFCB72213346750011FBB3 /* FireStore.swift */ = {isa = PBXFileReference; lastKnownFileType = sourcecode.swift; path = FireStore.swift; sourceTree = "<group>"; };
		85F770E7C208483F91509480 /* Pods_CamChat.framework */ = {isa = PBXFileReference; explicitFileType = wrapper.framework; includeInIndex = 0; path = Pods_CamChat.framework; sourceTree = BUILT_PRODUCTS_DIR; };
		BC5D7E1F2958FAECD659CA1C /* Pods-CamChatTests.debug.xcconfig */ = {isa = PBXFileReference; includeInIndex = 1; lastKnownFileType = text.xcconfig; name = "Pods-CamChatTests.debug.xcconfig"; path = "Pods/Target Support Files/Pods-CamChatTests/Pods-CamChatTests.debug.xcconfig"; sourceTree = "<group>"; };
		EA185CC5C7F5FC6654F523CC /* Pods-CamChat.release.xcconfig */ = {isa = PBXFileReference; includeInIndex = 1; lastKnownFileType = text.xcconfig; name = "Pods-CamChat.release.xcconfig"; path = "Pods/Target Support Files/Pods-CamChat/Pods-CamChat.release.xcconfig"; sourceTree = "<group>"; };
		EA4F34E521F2D73C1D0EA8D4 /* Pods_CamChatTests.framework */ = {isa = PBXFileReference; explicitFileType = wrapper.framework; includeInIndex = 0; path = Pods_CamChatTests.framework; sourceTree = BUILT_PRODUCTS_DIR; };
/* End PBXFileReference section */

/* Begin PBXFrameworksBuildPhase section */
		6044ED6B20E44A9700098F22 /* Frameworks */ = {
			isa = PBXFrameworksBuildPhase;
			buildActionMask = 2147483647;
			files = (
				600190E0215AD58D007F8C1F /* AVFoundation.framework in Frameworks */,
				41B44AC0775625C522E2A591 /* Pods_CamChat.framework in Frameworks */,
				604A56AD217A889D001A9865 /* HelpKit.framework in Frameworks */,
			);
			runOnlyForDeploymentPostprocessing = 0;
		};
		609394012138145B00C62671 /* Frameworks */ = {
			isa = PBXFrameworksBuildPhase;
			buildActionMask = 2147483647;
			files = (
				6093940E213818A600C62671 /* Pods_CamChat.framework in Frameworks */,
				7EA4A4E8E818C4CFC5F79C35 /* Pods_CamChatTests.framework in Frameworks */,
			);
			runOnlyForDeploymentPostprocessing = 0;
		};
/* End PBXFrameworksBuildPhase section */

/* Begin PBXGroup section */
		60045019213E20EB000CAED7 /* Data Stack */ = {
			isa = PBXGroup;
			children = (
				60D11BB9213C41EC00827010 /* DataCoordinator.swift */,
				6078A80A21453FAF000AD505 /* CurrentUserInfo.swift */,
				604C67EC21545237007FC45E /* MessageSender.swift */,
				60B0F19F2142126900D9DDD8 /* CoreDataSynchronizer.swift */,
				60CDF4D32151BB190043B3D4 /* FirebaseSynchronizer.swift */,
				60FFCB72213346750011FBB3 /* FireStore.swift */,
				60D11BAC213B7A0200827010 /* Core Data */,
			);
			path = "Data Stack";
			sourceTree = "<group>";
		};
		6004501B213ECC6D000CAED7 /* View Models */ = {
			isa = PBXGroup;
			children = (
				60B5066F2104915600A9E94A /* LoginVM.swift */,
				6004501C213ECCAF000CAED7 /* SearchControllerVM.swift */,
				6078A80D2145E6B1000AD505 /* ConversationCellVM.swift */,
				60ECBD3E2155911500551879 /* ChatTableViewVM.swift */,
				60E2680C21690428002E066C /* MemorySenderVM.swift */,
			);
			path = "View Models";
			sourceTree = "<group>";
		};
		6011896E20FEDD7900C87C74 /* Child ViewControllers */ = {
			isa = PBXGroup;
			children = (
				6036552C20F22E2B00536DEF /* Left Screen View */,
				6036552E20F22E4B00536DEF /* Center Screen View */,
				6036552D20F22E3800536DEF /* Right Screen View */,
				6036552F20F22E5100536DEF /* Bottom Screen View */,
			);
			path = "Child ViewControllers";
			sourceTree = "<group>";
		};
		6036552A20F22DF300536DEF /* View Controller Templates */ = {
			isa = PBXGroup;
			children = (
				60E268062168E787002E066C /* MemorySender */,
				60E528EE2124CD350049E92B /* CCAlertController */,
				6044ED7320E44A9700098F22 /* SCTableView.swift */,
				60A8955220F572FB00E4E644 /* SCPagerView.swift */,
				60E267FF2168033D002E066C /* SearchTableVCTemplate.swift */,
			);
			path = "View Controller Templates";
			sourceTree = "<group>";
		};
		6036552B20F22E1600536DEF /* Screen */ = {
			isa = PBXGroup;
			children = (
				60F4CD0120E47B0000B06458 /* Screen_Storage.swift */,
				601FADC8210A87F8003094AF /* Screen_Layout.swift */,
				601FADC6210A8581003094AF /* Screen_Interaction.swift */,
				60DA8A5D2115FE4000722B78 /* Screen_ButtonResponses.swift */,
				6037BDD721668C1A00BBD716 /* Screen_OtherRandomStuff.swift */,
				6071E70D20E7C2830040E5CC /* ButtonNavigationView.swift */,
				6010B1C320F288FF00B94289 /* ButtonsTopBar.swift */,
				601D0D35210DEDCA007C47C9 /* ScreenTopBar.swift */,
				603C830D211297F800592E18 /* SearchViewController */,
				6011896E20FEDD7900C87C74 /* Child ViewControllers */,
			);
			path = Screen;
			sourceTree = "<group>";
		};
		6036552C20F22E2B00536DEF /* Left Screen View */ = {
			isa = PBXGroup;
			children = (
				606FBAD020E9110C00F6FA58 /* ConversationsTableView.swift */,
				60B1078620EA46DA006E0866 /* ConversationCell.swift */,
				60920BCE2103720000B4AFEF /* ChatVC */,
			);
			path = "Left Screen View";
			sourceTree = "<group>";
		};
		6036552D20F22E3800536DEF /* Right Screen View */ = {
			isa = PBXGroup;
			children = (
				606FBAD220E9112200F6FA58 /* PhotoLibraryCollectionVC.swift */,
				603C83092111E15900592E18 /* PhotoLibraryCollectionViewCell.swift */,
				606FBAD420E91CD800F6FA58 /* PhotoLibraryLayout.swift */,
				6037BDD42166898800BBD716 /* PhotoSelectionBars.swift */,
				60393598211F943F00FC838C /* PhotoOptions */,
				60BAF21C21186ADF00860E51 /* PhotoLibraryViewer */,
			);
			name = "Right Screen View";
			path = ..;
			sourceTree = "<group>";
		};
		6036552E20F22E4B00536DEF /* Center Screen View */ = {
			isa = PBXGroup;
			children = (
				605B1C2C20E7A595008584BC /* CameraVC.swift */,
				600190DB215ABCB5007F8C1F /* CameraPhotoVideoPreviewVC.swift */,
			);
			path = "Center Screen View";
			sourceTree = "<group>";
		};
		6036552F20F22E5100536DEF /* Bottom Screen View */ = {
			isa = PBXGroup;
			children = (
				60B99E9F20EE3F4800660F9B /* SettingsVC.swift */,
				6077F75A213038B30015A321 /* SettingsScrollViewContent.swift */,
				607F4A9A21736A6400193F64 /* StorageManagerVC.swift */,
				60F3F1EF21756B2A00ABBBE0 /* NameChangerVC.swift */,
				60F3F1F221756DC300ABBBE0 /* SettingsNavigationVC.swift */,
				60F3F1F421756E3900ABBBE0 /* SettingsScreenVC.swift */,
			);
			path = "Bottom Screen View";
			sourceTree = "<group>";
		};
		6036553420F22F7900536DEF /* Login Views */ = {
			isa = PBXGroup;
			children = (
				60CABF4520FE174C008D5780 /* ViewControllers */,
				60CABF4420FE1745008D5780 /* Templates */,
			);
			path = "Login Views";
			sourceTree = "<group>";
		};
		6036553520F233DB00536DEF /* Custom Views */ = {
			isa = PBXGroup;
			children = (
				605F1B8220FCB575003CCD0B /* SimpleLabelledButton.swift */,
				6039359B211F9DD500FC838C /* SimpleInteractiveButton.swift */,
				60DD327D211BDD8D0087270F /* BouncyButton.swift */,
				6011896A20FEDA3600C87C74 /* BouncyImageButton.swift */,
				604AD0DB211D1E6D00067B76 /* SendButton.swift */,
				60A90B342157F07A0023A938 /* CameraCaptureButton.swift */,
				6001AD4F215B24CB00EF2F46 /* SimpleVideoPlayer.swift */,
				60E267FD2167AC40002E066C /* VideoThumbnailPreview.swift */,
				603C62FB216BA65600A64094 /* PhotoVideoThumbnailPreview.swift */,
				60DA8A652116674300722B78 /* BouncySearchIcon.swift */,
				60F3F1F6217674F000ABBBE0 /* CCListViewBackgroundView.swift */,
			);
			path = "Custom Views";
			sourceTree = "<group>";
		};
		60393598211F943F00FC838C /* PhotoOptions */ = {
			isa = PBXGroup;
			children = (
				60A1D4992129D3D300C52FA3 /* PhotoOptionsMini */,
				60393599211F946000FC838C /* PhotoOptionsVC.swift */,
				6039359D211FBA5D00FC838C /* PhotoOptionsVCTransitioning.swift */,
				60393593211F834300FC838C /* PhotoOptionMenu.swift */,
			);
			path = PhotoOptions;
			sourceTree = "<group>";
		};
		603C830D211297F800592E18 /* SearchViewController */ = {
			isa = PBXGroup;
			children = (
				60DA8A5F2116063600722B78 /* CCSearchConstants.swift */,
				6096CCDE20F168490052EE16 /* CCSearchBar.swift */,
				603C830B211297F000592E18 /* CCSearchController.swift */,
				60DA8A6321161CE500722B78 /* CCSearchTableView.swift */,
				60DA8A6121161AFC00722B78 /* CCSearchTableViewCell.swift */,
				60B1566D211710F300D1B2AA /* SearchVCXDeleteButton.swift */,
				60DA8A5B2115F74E00722B78 /* CCSearchVCTransition.swift */,
			);
			path = SearchViewController;
			sourceTree = "<group>";
		};
		6044ED6520E44A9700098F22 = {
			isa = PBXGroup;
			children = (
				6044ED7020E44A9700098F22 /* CamChat */,
				609394052138145C00C62671 /* CamChatTests */,
				6044ED6F20E44A9700098F22 /* Products */,
				60A8955420F5817500E4E644 /* MyPlayground.playground */,
				754A139B0A5481F8ED499349 /* Pods */,
				AECC994EA945A06737C7AD39 /* Frameworks */,
			);
			sourceTree = "<group>";
		};
		6044ED6F20E44A9700098F22 /* Products */ = {
			isa = PBXGroup;
			children = (
				6044ED6E20E44A9700098F22 /* CamChat.app */,
				609394042138145B00C62671 /* CamChatTests.xctest */,
			);
			name = Products;
			sourceTree = "<group>";
		};
		6044ED7020E44A9700098F22 /* CamChat */ = {
			isa = PBXGroup;
			children = (
				6044ED7120E44A9700098F22 /* AppDelegate.swift */,
				60BC38182138CA16000833DF /* InterfaceManager.swift */,
				6037E04B213373850069329F /* Notifications.swift */,
				605F1B7C20FC137C003CCD0B /* Variations.swift */,
				608C87B1217217F600276EFE /* URLManager.swift */,
				60E26801216843C1002E066C /* Camera Mechanisms */,
				60045019213E20EB000CAED7 /* Data Stack */,
				60B5066E2104913E00A9E94A /* Model */,
				6004501B213ECC6D000CAED7 /* View Models */,
				6096CCE220F22CB90052EE16 /* View */,
				6044ED8620E44AA800098F22 /* Supporting Files */,
			);
			path = CamChat;
			sourceTree = "<group>";
		};
		6044ED8620E44AA800098F22 /* Supporting Files */ = {
			isa = PBXGroup;
			children = (
				60DED93B20FE198E007DD680 /* Colors.swift */,
				6036553020F22EEB00536DEF /* Fonts.swift */,
				6096CCDC20F15FE30052EE16 /* Images.swift */,
				6044ED7B20E44A9800098F22 /* Assets.xcassets */,
				6044ED8020E44A9800098F22 /* Info.plist */,
				60BAD8582132C5CC00B0D205 /* GoogleService-Info.plist */,
				6044ED7D20E44A9800098F22 /* LaunchScreen.storyboard */,
				6044ED7520E44A9700098F22 /* Main.storyboard */,
			);
			path = "Supporting Files";
			sourceTree = "<group>";
		};
		60920BCE2103720000B4AFEF /* ChatVC */ = {
			isa = PBXGroup;
			children = (
				60920BCF2103722E00B4AFEF /* ChatViewController.swift */,
				601D0D33210DD656007C47C9 /* ChatTopBar.swift */,
				60C23F0D2103BA1B00D78F77 /* ChatMessagesTableView.swift */,
				60E5E86A2144739A007B27AD /* ChatMessagesTableViewCell.swift */,
				60B75C3B2155AAC200B997C6 /* ChatMessagesTableViewHeader.swift */,
				60920BD12103726500B4AFEF /* ChatKeyboardShortcutView.swift */,
				60B506722104A00700A9E94A /* ChatControllerTransitioning.swift */,
				60A5ED32216CD8CD0000BEBC /* PhotoVideoWindowViewer.swift */,
			);
			path = ChatVC;
			sourceTree = "<group>";
		};
		609394052138145C00C62671 /* CamChatTests */ = {
			isa = PBXGroup;
			children = (
				609394062138145C00C62671 /* LoginModelTests.swift */,
				609394082138145C00C62671 /* Info.plist */,
			);
			path = CamChatTests;
			sourceTree = "<group>";
		};
		6096CCE220F22CB90052EE16 /* View */ = {
			isa = PBXGroup;
			children = (
				6036553420F22F7900536DEF /* Login Views */,
				6036552B20F22E1600536DEF /* Screen */,
				6036553520F233DB00536DEF /* Custom Views */,
				6036552A20F22DF300536DEF /* View Controller Templates */,
			);
			path = View;
			sourceTree = "<group>";
		};
		60A1D4992129D3D300C52FA3 /* PhotoOptionsMini */ = {
			isa = PBXGroup;
			children = (
				60A1D49B2129D3E800C52FA3 /* PhotoOptionsMiniVC.swift */,
				60A1D49D2129D43D00C52FA3 /* PhotoOptionsMiniTransitioning.swift */,
			);
			path = PhotoOptionsMini;
			sourceTree = "<group>";
		};
		60B5066E2104913E00A9E94A /* Model */ = {
			isa = PBXGroup;
			children = (
				60D11BB7213C3C3300827010 /* TempUser.swift */,
				60B0F19C21417AE500D9DDD8 /* TempMessage.swift */,
				602D5044216AE80D00CBE14E /* TempMessage_Conformance.swift */,
			);
			path = Model;
			sourceTree = "<group>";
		};
		60BAF21C21186ADF00860E51 /* PhotoLibraryViewer */ = {
			isa = PBXGroup;
			children = (
				60D93EFB2117A1F600706BC4 /* PhotoLibraryViewerVC.swift */,
				60BAF21D21186E1000860E51 /* PhotoLibraryViewerVCTransitioning.swift */,
			);
			path = PhotoLibraryViewer;
			sourceTree = "<group>";
		};
		60CABF4420FE1745008D5780 /* Templates */ = {
			isa = PBXGroup;
			children = (
				604A789B20FA556A00E5257D /* LoginFormVCTemplate.swift */,
				604A789D20FA84C900E5257D /* LoginTextFieldView.swift */,
				604A789F20FA88B500E5257D /* LoginButtonView.swift */,
				604A78A120FBD35B00E5257D /* LoginInputFormView.swift */,
				60A90EA321363661000205A9 /* LoginVCsTransitioning.swift */,
			);
			path = Templates;
			sourceTree = "<group>";
		};
		60CABF4520FE174C008D5780 /* ViewControllers */ = {
			isa = PBXGroup;
			children = (
				60EB659420E5B8A0000FFB82 /* Login_MainVC.swift */,
				604A789920FA463D00E5257D /* Login_LoginVC.swift */,
				605F1B8020FCB3E4003CCD0B /* Login_SignUp_Name.swift */,
				6083C23C213A062500A90046 /* Login_SignUp_ProfilePicture.swift */,
				605F1B7A20FC109D003CCD0B /* Login_SignUp_Username.swift */,
				60CABF4220FD85D4008D5780 /* Login_SignUp_Password.swift */,
				605F1B8420FCC8F1003CCD0B /* Login_SignUp_Email.swift */,
			);
			path = ViewControllers;
			sourceTree = "<group>";
		};
		60D11BAC213B7A0200827010 /* Core Data */ = {
			isa = PBXGroup;
			children = (
				6048693C21617CEA00DECBB0 /* Memory.swift */,
				60A67EE82166BF3F007A191D /* Memory_ConvenienceStuff.swift */,
				60E267FA2167A82F002E066C /* Memory_PhotoVideoData.swift */,
				60D11BAD213B7A2300827010 /* User.swift */,
				60D11BAE213B7A2300827010 /* Message.swift */,
				60D72CCE216A7BE4000C1E78 /* Message_MessageData.swift */,
				60D11BB5213B869E00827010 /* ConvenienceExtensions.swift */,
				6044ED7820E44A9700098F22 /* CamChat.xcdatamodeld */,
			);
			path = "Core Data";
			sourceTree = "<group>";
		};
		60E26801216843C1002E066C /* Camera Mechanisms */ = {
			isa = PBXGroup;
			children = (
				60F295D2215CFB0D00E490D8 /* Camera.swift */,
				60F295D5215CFF0200E490D8 /* VideoWriter.swift */,
				6016835D2160E3C800948791 /* PhotoWriter.swift */,
				6016835A216077C400948791 /* Flasher.swift */,
			);
			path = "Camera Mechanisms";
			sourceTree = "<group>";
		};
		60E268062168E787002E066C /* MemorySender */ = {
			isa = PBXGroup;
			children = (
				60E268022168468D002E066C /* MemorySenderVC.swift */,
				60E268042168E75D002E066C /* MemorySenderTableView.swift */,
				60E268072168E7A9002E066C /* MemorySenderMessageCell.swift */,
				60E268092168E7B5002E066C /* MemorySenderUserCell.swift */,
				60D72CC721698973000C1E78 /* MemorySenderBottomBar.swift */,
				60D72CCC216A3809000C1E78 /* MemorySenderTransitioning.swift */,
			);
			path = MemorySender;
			sourceTree = "<group>";
		};
		60E528EE2124CD350049E92B /* CCAlertController */ = {
			isa = PBXGroup;
			children = (
				6037E049213368F40069329F /* Convenience Alerts.swift */,
				60E528F02124CD4B0049E92B /* CCAlertController.swift */,
				60E528F22124D1090049E92B /* CCAlertControllerTransitioning.swift */,
			);
			path = CCAlertController;
			sourceTree = "<group>";
		};
		754A139B0A5481F8ED499349 /* Pods */ = {
			isa = PBXGroup;
			children = (
				1E3C6D283F8CDAE2806B48A1 /* Pods-CamChat.debug.xcconfig */,
				EA185CC5C7F5FC6654F523CC /* Pods-CamChat.release.xcconfig */,
				BC5D7E1F2958FAECD659CA1C /* Pods-CamChatTests.debug.xcconfig */,
				4C1FB644DF89A083AF940495 /* Pods-CamChatTests.release.xcconfig */,
			);
			name = Pods;
			sourceTree = "<group>";
		};
		AECC994EA945A06737C7AD39 /* Frameworks */ = {
			isa = PBXGroup;
			children = (
				604A56AC217A889D001A9865 /* HelpKit.framework */,
				600190DE215AD581007F8C1F /* AVFoundation.framework */,
				85F770E7C208483F91509480 /* Pods_CamChat.framework */,
				EA4F34E521F2D73C1D0EA8D4 /* Pods_CamChatTests.framework */,
			);
			name = Frameworks;
			sourceTree = "<group>";
		};
/* End PBXGroup section */

/* Begin PBXNativeTarget section */
		6044ED6D20E44A9700098F22 /* CamChat */ = {
			isa = PBXNativeTarget;
			buildConfigurationList = 6044ED8320E44A9800098F22 /* Build configuration list for PBXNativeTarget "CamChat" */;
			buildPhases = (
				AE6285596305F2D76B77DF03 /* [CP] Check Pods Manifest.lock */,
				6044ED6A20E44A9700098F22 /* Sources */,
				6044ED6B20E44A9700098F22 /* Frameworks */,
				6044ED6C20E44A9700098F22 /* Resources */,
				60470E6F20FA367700C947E6 /* Embed Frameworks */,
				5A4AF1DE014933270E0926D9 /* [CP] Embed Pods Frameworks */,
				60E2680B2168F20F002E066C /* ShellScript */,
				604A56AE217A88D4001A9865 /* CopyFiles */,
			);
			buildRules = (
			);
			dependencies = (
			);
			name = CamChat;
			productName = CamChat;
			productReference = 6044ED6E20E44A9700098F22 /* CamChat.app */;
			productType = "com.apple.product-type.application";
		};
		609394032138145B00C62671 /* CamChatTests */ = {
			isa = PBXNativeTarget;
			buildConfigurationList = 6093940B2138145C00C62671 /* Build configuration list for PBXNativeTarget "CamChatTests" */;
			buildPhases = (
				A00ACD6A6428D9E22CACC8BD /* [CP] Check Pods Manifest.lock */,
				609394002138145B00C62671 /* Sources */,
				609394012138145B00C62671 /* Frameworks */,
				609394022138145B00C62671 /* Resources */,
				6DFDF992AD31C5101CDD4F2A /* [CP] Embed Pods Frameworks */,
			);
			buildRules = (
			);
			dependencies = (
				6093940A2138145C00C62671 /* PBXTargetDependency */,
			);
			name = CamChatTests;
			productName = CamChatTests;
			productReference = 609394042138145B00C62671 /* CamChatTests.xctest */;
			productType = "com.apple.product-type.bundle.unit-test";
		};
/* End PBXNativeTarget section */

/* Begin PBXProject section */
		6044ED6620E44A9700098F22 /* Project object */ = {
			isa = PBXProject;
			attributes = {
				LastSwiftUpdateCheck = 1000;
				LastUpgradeCheck = 1000;
				ORGANIZATIONNAME = "Patrick Hanna";
				TargetAttributes = {
					6044ED6D20E44A9700098F22 = {
						CreatedOnToolsVersion = 10.0;
					};
					609394032138145B00C62671 = {
						CreatedOnToolsVersion = 10.0;
						TestTargetID = 6044ED6D20E44A9700098F22;
					};
				};
			};
			buildConfigurationList = 6044ED6920E44A9700098F22 /* Build configuration list for PBXProject "CamChat" */;
			compatibilityVersion = "Xcode 9.3";
			developmentRegion = en;
			hasScannedForEncodings = 0;
			knownRegions = (
				en,
				Base,
			);
			mainGroup = 6044ED6520E44A9700098F22;
			productRefGroup = 6044ED6F20E44A9700098F22 /* Products */;
			projectDirPath = "";
			projectRoot = "";
			targets = (
				6044ED6D20E44A9700098F22 /* CamChat */,
				609394032138145B00C62671 /* CamChatTests */,
			);
		};
/* End PBXProject section */

/* Begin PBXResourcesBuildPhase section */
		6044ED6C20E44A9700098F22 /* Resources */ = {
			isa = PBXResourcesBuildPhase;
			buildActionMask = 2147483647;
			files = (
				6044ED7F20E44A9800098F22 /* LaunchScreen.storyboard in Resources */,
				60BAD8592132C5CC00B0D205 /* GoogleService-Info.plist in Resources */,
				6044ED7C20E44A9800098F22 /* Assets.xcassets in Resources */,
				6044ED7720E44A9700098F22 /* Main.storyboard in Resources */,
			);
			runOnlyForDeploymentPostprocessing = 0;
		};
		609394022138145B00C62671 /* Resources */ = {
			isa = PBXResourcesBuildPhase;
			buildActionMask = 2147483647;
			files = (
			);
			runOnlyForDeploymentPostprocessing = 0;
		};
/* End PBXResourcesBuildPhase section */

/* Begin PBXShellScriptBuildPhase section */
		5A4AF1DE014933270E0926D9 /* [CP] Embed Pods Frameworks */ = {
			isa = PBXShellScriptBuildPhase;
			buildActionMask = 2147483647;
			files = (
			);
			inputFileListPaths = (
			);
			inputPaths = (
				"${SRCROOT}/Pods/Target Support Files/Pods-CamChat/Pods-CamChat-frameworks.sh",
				"${BUILT_PRODUCTS_DIR}/BoringSSL/openssl.framework",
				"${BUILT_PRODUCTS_DIR}/GTMSessionFetcher/GTMSessionFetcher.framework",
				"${BUILT_PRODUCTS_DIR}/GoogleUtilities/GoogleUtilities.framework",
				"${BUILT_PRODUCTS_DIR}/NVActivityIndicatorView/NVActivityIndicatorView.framework",
				"${BUILT_PRODUCTS_DIR}/Protobuf/Protobuf.framework",
				"${BUILT_PRODUCTS_DIR}/ReachabilitySwift/Reachability.framework",
				"${BUILT_PRODUCTS_DIR}/gRPC/GRPCClient.framework",
				"${BUILT_PRODUCTS_DIR}/gRPC-C++/grpcpp.framework",
				"${BUILT_PRODUCTS_DIR}/gRPC-Core/grpc.framework",
				"${BUILT_PRODUCTS_DIR}/gRPC-ProtoRPC/ProtoRPC.framework",
				"${BUILT_PRODUCTS_DIR}/gRPC-RxLibrary/RxLibrary.framework",
				"${BUILT_PRODUCTS_DIR}/leveldb-library/leveldb.framework",
				"${BUILT_PRODUCTS_DIR}/nanopb/nanopb.framework",
			);
			name = "[CP] Embed Pods Frameworks";
			outputFileListPaths = (
			);
			outputPaths = (
				"${TARGET_BUILD_DIR}/${FRAMEWORKS_FOLDER_PATH}/openssl.framework",
				"${TARGET_BUILD_DIR}/${FRAMEWORKS_FOLDER_PATH}/GTMSessionFetcher.framework",
				"${TARGET_BUILD_DIR}/${FRAMEWORKS_FOLDER_PATH}/GoogleUtilities.framework",
				"${TARGET_BUILD_DIR}/${FRAMEWORKS_FOLDER_PATH}/NVActivityIndicatorView.framework",
				"${TARGET_BUILD_DIR}/${FRAMEWORKS_FOLDER_PATH}/Protobuf.framework",
				"${TARGET_BUILD_DIR}/${FRAMEWORKS_FOLDER_PATH}/Reachability.framework",
				"${TARGET_BUILD_DIR}/${FRAMEWORKS_FOLDER_PATH}/GRPCClient.framework",
				"${TARGET_BUILD_DIR}/${FRAMEWORKS_FOLDER_PATH}/grpcpp.framework",
				"${TARGET_BUILD_DIR}/${FRAMEWORKS_FOLDER_PATH}/grpc.framework",
				"${TARGET_BUILD_DIR}/${FRAMEWORKS_FOLDER_PATH}/ProtoRPC.framework",
				"${TARGET_BUILD_DIR}/${FRAMEWORKS_FOLDER_PATH}/RxLibrary.framework",
				"${TARGET_BUILD_DIR}/${FRAMEWORKS_FOLDER_PATH}/leveldb.framework",
				"${TARGET_BUILD_DIR}/${FRAMEWORKS_FOLDER_PATH}/nanopb.framework",
			);
			runOnlyForDeploymentPostprocessing = 0;
			shellPath = /bin/sh;
			shellScript = "\"${SRCROOT}/Pods/Target Support Files/Pods-CamChat/Pods-CamChat-frameworks.sh\"\n";
			showEnvVarsInLog = 0;
		};
		60E2680B2168F20F002E066C /* ShellScript */ = {
			isa = PBXShellScriptBuildPhase;
			buildActionMask = 12;
			files = (
			);
			inputFileListPaths = (
			);
			inputPaths = (
			);
			outputFileListPaths = (
			);
			outputPaths = (
			);
			runOnlyForDeploymentPostprocessing = 0;
			shellPath = /bin/sh;
			shellScript = "TAGS=\"TODO:|FIXME:\"\necho \"searching ${SRCROOT} for ${TAGS}\"\nfind \"${SRCROOT}\" \\( -name \"*.swift\" \\) -print0 | xargs -0 egrep --with-filename --line-number --only-matching \"($TAGS).*\\$\" | perl -p -e \"s/($TAGS)/ warning: \\$1/\"\n";
		};
		6DFDF992AD31C5101CDD4F2A /* [CP] Embed Pods Frameworks */ = {
			isa = PBXShellScriptBuildPhase;
			buildActionMask = 2147483647;
			files = (
			);
			inputFileListPaths = (
			);
			inputPaths = (
				"${SRCROOT}/Pods/Target Support Files/Pods-CamChatTests/Pods-CamChatTests-frameworks.sh",
				"${BUILT_PRODUCTS_DIR}/GoogleUtilities/GoogleUtilities.framework",
				"${BUILT_PRODUCTS_DIR}/nanopb/nanopb.framework",
			);
			name = "[CP] Embed Pods Frameworks";
			outputFileListPaths = (
			);
			outputPaths = (
				"${TARGET_BUILD_DIR}/${FRAMEWORKS_FOLDER_PATH}/GoogleUtilities.framework",
				"${TARGET_BUILD_DIR}/${FRAMEWORKS_FOLDER_PATH}/nanopb.framework",
			);
			runOnlyForDeploymentPostprocessing = 0;
			shellPath = /bin/sh;
			shellScript = "\"${SRCROOT}/Pods/Target Support Files/Pods-CamChatTests/Pods-CamChatTests-frameworks.sh\"\n";
			showEnvVarsInLog = 0;
		};
		A00ACD6A6428D9E22CACC8BD /* [CP] Check Pods Manifest.lock */ = {
			isa = PBXShellScriptBuildPhase;
			buildActionMask = 2147483647;
			files = (
			);
			inputFileListPaths = (
			);
			inputPaths = (
				"${PODS_PODFILE_DIR_PATH}/Podfile.lock",
				"${PODS_ROOT}/Manifest.lock",
			);
			name = "[CP] Check Pods Manifest.lock";
			outputFileListPaths = (
			);
			outputPaths = (
				"$(DERIVED_FILE_DIR)/Pods-CamChatTests-checkManifestLockResult.txt",
			);
			runOnlyForDeploymentPostprocessing = 0;
			shellPath = /bin/sh;
			shellScript = "diff \"${PODS_PODFILE_DIR_PATH}/Podfile.lock\" \"${PODS_ROOT}/Manifest.lock\" > /dev/null\nif [ $? != 0 ] ; then\n    # print error to STDERR\n    echo \"error: The sandbox is not in sync with the Podfile.lock. Run 'pod install' or update your CocoaPods installation.\" >&2\n    exit 1\nfi\n# This output is used by Xcode 'outputs' to avoid re-running this script phase.\necho \"SUCCESS\" > \"${SCRIPT_OUTPUT_FILE_0}\"\n";
			showEnvVarsInLog = 0;
		};
		AE6285596305F2D76B77DF03 /* [CP] Check Pods Manifest.lock */ = {
			isa = PBXShellScriptBuildPhase;
			buildActionMask = 2147483647;
			files = (
			);
			inputFileListPaths = (
			);
			inputPaths = (
				"${PODS_PODFILE_DIR_PATH}/Podfile.lock",
				"${PODS_ROOT}/Manifest.lock",
			);
			name = "[CP] Check Pods Manifest.lock";
			outputFileListPaths = (
			);
			outputPaths = (
				"$(DERIVED_FILE_DIR)/Pods-CamChat-checkManifestLockResult.txt",
			);
			runOnlyForDeploymentPostprocessing = 0;
			shellPath = /bin/sh;
			shellScript = "diff \"${PODS_PODFILE_DIR_PATH}/Podfile.lock\" \"${PODS_ROOT}/Manifest.lock\" > /dev/null\nif [ $? != 0 ] ; then\n    # print error to STDERR\n    echo \"error: The sandbox is not in sync with the Podfile.lock. Run 'pod install' or update your CocoaPods installation.\" >&2\n    exit 1\nfi\n# This output is used by Xcode 'outputs' to avoid re-running this script phase.\necho \"SUCCESS\" > \"${SCRIPT_OUTPUT_FILE_0}\"\n";
			showEnvVarsInLog = 0;
		};
/* End PBXShellScriptBuildPhase section */

/* Begin PBXSourcesBuildPhase section */
		6044ED6A20E44A9700098F22 /* Sources */ = {
			isa = PBXSourcesBuildPhase;
			buildActionMask = 2147483647;
			files = (
				604AD0DC211D1E6D00067B76 /* SendButton.swift in Sources */,
				605F1B7B20FC109D003CCD0B /* Login_SignUp_Username.swift in Sources */,
				60B1566E211710F300D1B2AA /* SearchVCXDeleteButton.swift in Sources */,
				6016835E2160E3C800948791 /* PhotoWriter.swift in Sources */,
				60FFCB73213346750011FBB3 /* FireStore.swift in Sources */,
				60CDF4D42151BB190043B3D4 /* FirebaseSynchronizer.swift in Sources */,
				60A67EE92166BF3F007A191D /* Memory_ConvenienceStuff.swift in Sources */,
				605F1B7D20FC137C003CCD0B /* Variations.swift in Sources */,
				6037E04C213373850069329F /* Notifications.swift in Sources */,
				60F3F1F7217674F000ABBBE0 /* CCListViewBackgroundView.swift in Sources */,
				60B0F1A02142126900D9DDD8 /* CoreDataSynchronizer.swift in Sources */,
				60E267FB2167A82F002E066C /* Memory_PhotoVideoData.swift in Sources */,
				603C62FC216BA65600A64094 /* PhotoVideoThumbnailPreview.swift in Sources */,
				60D11BBA213C41EC00827010 /* DataCoordinator.swift in Sources */,
				605F1B8120FCB3E4003CCD0B /* Login_SignUp_Name.swift in Sources */,
				60F4CD0220E47B0000B06458 /* Screen_Storage.swift in Sources */,
				60B506732104A00700A9E94A /* ChatControllerTransitioning.swift in Sources */,
				606FBAD120E9110C00F6FA58 /* ConversationsTableView.swift in Sources */,
				6016835B216077C400948791 /* Flasher.swift in Sources */,
				6039359C211F9DD500FC838C /* SimpleInteractiveButton.swift in Sources */,
				601D0D34210DD656007C47C9 /* ChatTopBar.swift in Sources */,
				60D11BB1213B7A2400827010 /* User.swift in Sources */,
				600190DC215ABCB5007F8C1F /* CameraPhotoVideoPreviewVC.swift in Sources */,
				6044ED7420E44A9700098F22 /* SCTableView.swift in Sources */,
				60E2680D21690428002E066C /* MemorySenderVM.swift in Sources */,
				6039359E211FBA5D00FC838C /* PhotoOptionsVCTransitioning.swift in Sources */,
				6096CCDF20F168490052EE16 /* CCSearchBar.swift in Sources */,
				605F1B8520FCC8F1003CCD0B /* Login_SignUp_Email.swift in Sources */,
				60B75C3C2155AAC200B997C6 /* ChatMessagesTableViewHeader.swift in Sources */,
				60DA8A662116674300722B78 /* BouncySearchIcon.swift in Sources */,
				6010B1C420F288FF00B94289 /* ButtonsTopBar.swift in Sources */,
				601FADC9210A87F8003094AF /* Screen_Layout.swift in Sources */,
				6037BDD52166898800BBD716 /* PhotoSelectionBars.swift in Sources */,
				60DA8A5E2115FE4000722B78 /* Screen_ButtonResponses.swift in Sources */,
				60D11BB6213B869E00827010 /* ConvenienceExtensions.swift in Sources */,
				60A90B352157F07A0023A938 /* CameraCaptureButton.swift in Sources */,
				604A78A020FA88B500E5257D /* LoginButtonView.swift in Sources */,
				601FADC7210A8581003094AF /* Screen_Interaction.swift in Sources */,
				60F3F1F521756E3900ABBBE0 /* SettingsScreenVC.swift in Sources */,
				60B0F19D21417AE500D9DDD8 /* TempMessage.swift in Sources */,
				60D72CCD216A3809000C1E78 /* MemorySenderTransitioning.swift in Sources */,
				60E528F12124CD4B0049E92B /* CCAlertController.swift in Sources */,
				6048693E21617CEA00DECBB0 /* Memory.swift in Sources */,
				6004501D213ECCAF000CAED7 /* SearchControllerVM.swift in Sources */,
				60A5ED33216CD8CD0000BEBC /* PhotoVideoWindowViewer.swift in Sources */,
				604A78A220FBD35B00E5257D /* LoginInputFormView.swift in Sources */,
				60F295D6215CFF0200E490D8 /* VideoWriter.swift in Sources */,
				604A789C20FA556A00E5257D /* LoginFormVCTemplate.swift in Sources */,
				6071E70E20E7C2830040E5CC /* ButtonNavigationView.swift in Sources */,
				60E268082168E7A9002E066C /* MemorySenderMessageCell.swift in Sources */,
				606FBAD520E91CD800F6FA58 /* PhotoLibraryLayout.swift in Sources */,
				605F1B8320FCB575003CCD0B /* SimpleLabelledButton.swift in Sources */,
				60F295D3215CFB0D00E490D8 /* Camera.swift in Sources */,
				60E528F32124D1090049E92B /* CCAlertControllerTransitioning.swift in Sources */,
				60D72CCF216A7BE4000C1E78 /* Message_MessageData.swift in Sources */,
				60920BD22103726500B4AFEF /* ChatKeyboardShortcutView.swift in Sources */,
				60E5E86B2144739A007B27AD /* ChatMessagesTableViewCell.swift in Sources */,
				605B1C2D20E7A595008584BC /* CameraVC.swift in Sources */,
				60BAF21E21186E1000860E51 /* PhotoLibraryViewerVCTransitioning.swift in Sources */,
				60E268002168033D002E066C /* SearchTableVCTemplate.swift in Sources */,
				60E267FE2167AC40002E066C /* VideoThumbnailPreview.swift in Sources */,
				6078A80B21453FAF000AD505 /* CurrentUserInfo.swift in Sources */,
				60A1D49E2129D43D00C52FA3 /* PhotoOptionsMiniTransitioning.swift in Sources */,
				607F4A9B21736A6400193F64 /* StorageManagerVC.swift in Sources */,
				60DD327E211BDD8D0087270F /* BouncyButton.swift in Sources */,
				6044ED7A20E44A9700098F22 /* CamChat.xcdatamodeld in Sources */,
				60DED93C20FE198E007DD680 /* Colors.swift in Sources */,
				60B506702104915600A9E94A /* LoginVM.swift in Sources */,
				6077F75B213038B30015A321 /* SettingsScrollViewContent.swift in Sources */,
				60DA8A5C2115F74E00722B78 /* CCSearchVCTransition.swift in Sources */,
				6044ED7220E44A9700098F22 /* AppDelegate.swift in Sources */,
				606FBAD320E9112200F6FA58 /* PhotoLibraryCollectionVC.swift in Sources */,
				60B1078720EA46DA006E0866 /* ConversationCell.swift in Sources */,
				6083C23D213A062500A90046 /* Login_SignUp_ProfilePicture.swift in Sources */,
				60BC38192138CA16000833DF /* InterfaceManager.swift in Sources */,
				603C830C211297F000592E18 /* CCSearchController.swift in Sources */,
				60CABF4320FD85D4008D5780 /* Login_SignUp_Password.swift in Sources */,
				60D11BB2213B7A2400827010 /* Message.swift in Sources */,
				6037E04A213368F40069329F /* Convenience Alerts.swift in Sources */,
				60A8955320F572FB00E4E644 /* SCPagerView.swift in Sources */,
				60DA8A602116063600722B78 /* CCSearchConstants.swift in Sources */,
				603C830A2111E15900592E18 /* PhotoLibraryCollectionViewCell.swift in Sources */,
				6037BDD821668C1A00BBD716 /* Screen_OtherRandomStuff.swift in Sources */,
				60D93EFC2117A1F600706BC4 /* PhotoLibraryViewerVC.swift in Sources */,
				60E268032168468D002E066C /* MemorySenderVC.swift in Sources */,
				6011896B20FEDA3600C87C74 /* BouncyImageButton.swift in Sources */,
				60C23F0E2103BA1B00D78F77 /* ChatMessagesTableView.swift in Sources */,
				604C67ED21545237007FC45E /* MessageSender.swift in Sources */,
				6039359A211F946000FC838C /* PhotoOptionsVC.swift in Sources */,
				60D11BB8213C3C3300827010 /* TempUser.swift in Sources */,
				60F3F1F021756B2A00ABBBE0 /* NameChangerVC.swift in Sources */,
				601D0D36210DEDCA007C47C9 /* ScreenTopBar.swift in Sources */,
				6078A80E2145E6B1000AD505 /* ConversationCellVM.swift in Sources */,
				604A789A20FA463D00E5257D /* Login_LoginVC.swift in Sources */,
				60920BD02103722E00B4AFEF /* ChatViewController.swift in Sources */,
				60393594211F834300FC838C /* PhotoOptionMenu.swift in Sources */,
				6096CCDD20F15FE30052EE16 /* Images.swift in Sources */,
				604A789E20FA84C900E5257D /* LoginTextFieldView.swift in Sources */,
				60EB659520E5B8A0000FFB82 /* Login_MainVC.swift in Sources */,
				6036553120F22EEB00536DEF /* Fonts.swift in Sources */,
				60B99EA020EE3F4800660F9B /* SettingsVC.swift in Sources */,
				60E268052168E75D002E066C /* MemorySenderTableView.swift in Sources */,
				60ECBD3F2155911500551879 /* ChatTableViewVM.swift in Sources */,
				60A90EA421363661000205A9 /* LoginVCsTransitioning.swift in Sources */,
				60D72CC821698973000C1E78 /* MemorySenderBottomBar.swift in Sources */,
				608C87B2217217F600276EFE /* URLManager.swift in Sources */,
				60F3F1F321756DC300ABBBE0 /* SettingsNavigationVC.swift in Sources */,
				60DA8A6221161AFC00722B78 /* CCSearchTableViewCell.swift in Sources */,
				60E2680A2168E7B5002E066C /* MemorySenderUserCell.swift in Sources */,
				6001AD50215B24CB00EF2F46 /* SimpleVideoPlayer.swift in Sources */,
				602D5045216AE80D00CBE14E /* TempMessage_Conformance.swift in Sources */,
				60A1D49C2129D3E800C52FA3 /* PhotoOptionsMiniVC.swift in Sources */,
				60DA8A6421161CE500722B78 /* CCSearchTableView.swift in Sources */,
			);
			runOnlyForDeploymentPostprocessing = 0;
		};
		609394002138145B00C62671 /* Sources */ = {
			isa = PBXSourcesBuildPhase;
			buildActionMask = 2147483647;
			files = (
				609394072138145C00C62671 /* LoginModelTests.swift in Sources */,
			);
			runOnlyForDeploymentPostprocessing = 0;
		};
/* End PBXSourcesBuildPhase section */

/* Begin PBXTargetDependency section */
		6093940A2138145C00C62671 /* PBXTargetDependency */ = {
			isa = PBXTargetDependency;
			target = 6044ED6D20E44A9700098F22 /* CamChat */;
			targetProxy = 609394092138145C00C62671 /* PBXContainerItemProxy */;
		};
/* End PBXTargetDependency section */

/* Begin PBXVariantGroup section */
		6044ED7520E44A9700098F22 /* Main.storyboard */ = {
			isa = PBXVariantGroup;
			children = (
				6044ED7620E44A9700098F22 /* Base */,
			);
			name = Main.storyboard;
			sourceTree = "<group>";
		};
		6044ED7D20E44A9800098F22 /* LaunchScreen.storyboard */ = {
			isa = PBXVariantGroup;
			children = (
				6044ED7E20E44A9800098F22 /* Base */,
			);
			name = LaunchScreen.storyboard;
			sourceTree = "<group>";
		};
/* End PBXVariantGroup section */

/* Begin XCBuildConfiguration section */
		6044ED8120E44A9800098F22 /* Debug */ = {
			isa = XCBuildConfiguration;
			buildSettings = {
				ALWAYS_SEARCH_USER_PATHS = NO;
				CLANG_ANALYZER_NONNULL = YES;
				CLANG_ANALYZER_NUMBER_OBJECT_CONVERSION = YES_AGGRESSIVE;
				CLANG_CXX_LANGUAGE_STANDARD = "gnu++14";
				CLANG_CXX_LIBRARY = "libc++";
				CLANG_ENABLE_MODULES = YES;
				CLANG_ENABLE_OBJC_ARC = YES;
				CLANG_ENABLE_OBJC_WEAK = YES;
				CLANG_WARN_BLOCK_CAPTURE_AUTORELEASING = YES;
				CLANG_WARN_BOOL_CONVERSION = YES;
				CLANG_WARN_COMMA = YES;
				CLANG_WARN_CONSTANT_CONVERSION = YES;
				CLANG_WARN_DEPRECATED_OBJC_IMPLEMENTATIONS = YES;
				CLANG_WARN_DIRECT_OBJC_ISA_USAGE = YES_ERROR;
				CLANG_WARN_DOCUMENTATION_COMMENTS = YES;
				CLANG_WARN_EMPTY_BODY = YES;
				CLANG_WARN_ENUM_CONVERSION = YES;
				CLANG_WARN_INFINITE_RECURSION = YES;
				CLANG_WARN_INT_CONVERSION = YES;
				CLANG_WARN_NON_LITERAL_NULL_CONVERSION = YES;
				CLANG_WARN_OBJC_IMPLICIT_RETAIN_SELF = YES;
				CLANG_WARN_OBJC_LITERAL_CONVERSION = YES;
				CLANG_WARN_OBJC_ROOT_CLASS = YES_ERROR;
				CLANG_WARN_RANGE_LOOP_ANALYSIS = YES;
				CLANG_WARN_STRICT_PROTOTYPES = YES;
				CLANG_WARN_SUSPICIOUS_MOVE = YES;
				CLANG_WARN_UNGUARDED_AVAILABILITY = YES_AGGRESSIVE;
				CLANG_WARN_UNREACHABLE_CODE = YES;
				CLANG_WARN__DUPLICATE_METHOD_MATCH = YES;
				CODE_SIGN_IDENTITY = "iPhone Developer";
				COPY_PHASE_STRIP = NO;
				DEBUG_INFORMATION_FORMAT = dwarf;
				ENABLE_STRICT_OBJC_MSGSEND = YES;
				ENABLE_TESTABILITY = YES;
				GCC_C_LANGUAGE_STANDARD = gnu11;
				GCC_DYNAMIC_NO_PIC = NO;
				GCC_NO_COMMON_BLOCKS = YES;
				GCC_OPTIMIZATION_LEVEL = 0;
				GCC_PREPROCESSOR_DEFINITIONS = (
					"DEBUG=1",
					"$(inherited)",
				);
				GCC_WARN_64_TO_32_BIT_CONVERSION = YES;
				GCC_WARN_ABOUT_RETURN_TYPE = YES_ERROR;
				GCC_WARN_UNDECLARED_SELECTOR = YES;
				GCC_WARN_UNINITIALIZED_AUTOS = YES_AGGRESSIVE;
				GCC_WARN_UNUSED_FUNCTION = YES;
				GCC_WARN_UNUSED_VARIABLE = YES;
				IPHONEOS_DEPLOYMENT_TARGET = 12.0;
				MTL_ENABLE_DEBUG_INFO = INCLUDE_SOURCE;
				ONLY_ACTIVE_ARCH = YES;
				SDKROOT = iphoneos;
				SWIFT_ACTIVE_COMPILATION_CONDITIONS = DEBUG;
				SWIFT_OPTIMIZATION_LEVEL = "-Onone";
			};
			name = Debug;
		};
		6044ED8220E44A9800098F22 /* Release */ = {
			isa = XCBuildConfiguration;
			buildSettings = {
				ALWAYS_SEARCH_USER_PATHS = NO;
				CLANG_ANALYZER_NONNULL = YES;
				CLANG_ANALYZER_NUMBER_OBJECT_CONVERSION = YES_AGGRESSIVE;
				CLANG_CXX_LANGUAGE_STANDARD = "gnu++14";
				CLANG_CXX_LIBRARY = "libc++";
				CLANG_ENABLE_MODULES = YES;
				CLANG_ENABLE_OBJC_ARC = YES;
				CLANG_ENABLE_OBJC_WEAK = YES;
				CLANG_WARN_BLOCK_CAPTURE_AUTORELEASING = YES;
				CLANG_WARN_BOOL_CONVERSION = YES;
				CLANG_WARN_COMMA = YES;
				CLANG_WARN_CONSTANT_CONVERSION = YES;
				CLANG_WARN_DEPRECATED_OBJC_IMPLEMENTATIONS = YES;
				CLANG_WARN_DIRECT_OBJC_ISA_USAGE = YES_ERROR;
				CLANG_WARN_DOCUMENTATION_COMMENTS = YES;
				CLANG_WARN_EMPTY_BODY = YES;
				CLANG_WARN_ENUM_CONVERSION = YES;
				CLANG_WARN_INFINITE_RECURSION = YES;
				CLANG_WARN_INT_CONVERSION = YES;
				CLANG_WARN_NON_LITERAL_NULL_CONVERSION = YES;
				CLANG_WARN_OBJC_IMPLICIT_RETAIN_SELF = YES;
				CLANG_WARN_OBJC_LITERAL_CONVERSION = YES;
				CLANG_WARN_OBJC_ROOT_CLASS = YES_ERROR;
				CLANG_WARN_RANGE_LOOP_ANALYSIS = YES;
				CLANG_WARN_STRICT_PROTOTYPES = YES;
				CLANG_WARN_SUSPICIOUS_MOVE = YES;
				CLANG_WARN_UNGUARDED_AVAILABILITY = YES_AGGRESSIVE;
				CLANG_WARN_UNREACHABLE_CODE = YES;
				CLANG_WARN__DUPLICATE_METHOD_MATCH = YES;
				CODE_SIGN_IDENTITY = "iPhone Developer";
				COPY_PHASE_STRIP = NO;
				DEBUG_INFORMATION_FORMAT = "dwarf-with-dsym";
				ENABLE_NS_ASSERTIONS = NO;
				ENABLE_STRICT_OBJC_MSGSEND = YES;
				GCC_C_LANGUAGE_STANDARD = gnu11;
				GCC_NO_COMMON_BLOCKS = YES;
				GCC_WARN_64_TO_32_BIT_CONVERSION = YES;
				GCC_WARN_ABOUT_RETURN_TYPE = YES_ERROR;
				GCC_WARN_UNDECLARED_SELECTOR = YES;
				GCC_WARN_UNINITIALIZED_AUTOS = YES_AGGRESSIVE;
				GCC_WARN_UNUSED_FUNCTION = YES;
				GCC_WARN_UNUSED_VARIABLE = YES;
				IPHONEOS_DEPLOYMENT_TARGET = 12.0;
				MTL_ENABLE_DEBUG_INFO = NO;
				SDKROOT = iphoneos;
				SWIFT_COMPILATION_MODE = wholemodule;
				SWIFT_OPTIMIZATION_LEVEL = "-O";
				VALIDATE_PRODUCT = YES;
			};
			name = Release;
		};
		6044ED8420E44A9800098F22 /* Debug */ = {
			isa = XCBuildConfiguration;
			baseConfigurationReference = 1E3C6D283F8CDAE2806B48A1 /* Pods-CamChat.debug.xcconfig */;
			buildSettings = {
				ASSETCATALOG_COMPILER_APPICON_NAME = AppIcon;
				CODE_SIGN_IDENTITY = "iPhone Developer";
				CODE_SIGN_STYLE = Automatic;
				DEVELOPMENT_TEAM = N44KF5BXBU;
				FRAMEWORK_SEARCH_PATHS = (
					"$(inherited)",
					"$(PROJECT_DIR)/CamChat",
					"$(PROJECT_DIR)",
				);
				INFOPLIST_FILE = "$(SRCROOT)/CamChat/Supporting Files/Info.plist";
				IPHONEOS_DEPLOYMENT_TARGET = 11.4;
				LD_RUNPATH_SEARCH_PATHS = (
					"$(inherited)",
					"@executable_path/Frameworks",
				);
				PRODUCT_BUNDLE_IDENTIFIER = com.PatrickHanna.CamChat;
				PRODUCT_NAME = "$(TARGET_NAME)";
				PROVISIONING_PROFILE_SPECIFIER = "";
				SWIFT_VERSION = 4.2;
				TARGETED_DEVICE_FAMILY = 1;
			};
			name = Debug;
		};
		6044ED8520E44A9800098F22 /* Release */ = {
			isa = XCBuildConfiguration;
			baseConfigurationReference = EA185CC5C7F5FC6654F523CC /* Pods-CamChat.release.xcconfig */;
			buildSettings = {
				ASSETCATALOG_COMPILER_APPICON_NAME = AppIcon;
				CODE_SIGN_IDENTITY = "iPhone Developer";
				CODE_SIGN_STYLE = Automatic;
				DEVELOPMENT_TEAM = N44KF5BXBU;
				FRAMEWORK_SEARCH_PATHS = (
					"$(inherited)",
					"$(PROJECT_DIR)/CamChat",
					"$(PROJECT_DIR)",
				);
				INFOPLIST_FILE = "$(SRCROOT)/CamChat/Supporting Files/Info.plist";
				IPHONEOS_DEPLOYMENT_TARGET = 11.4;
				LD_RUNPATH_SEARCH_PATHS = (
					"$(inherited)",
					"@executable_path/Frameworks",
				);
				PRODUCT_BUNDLE_IDENTIFIER = com.PatrickHanna.CamChat;
				PRODUCT_NAME = "$(TARGET_NAME)";
				PROVISIONING_PROFILE_SPECIFIER = "";
				SWIFT_VERSION = 4.2;
				TARGETED_DEVICE_FAMILY = 1;
			};
			name = Release;
		};
		6093940C2138145C00C62671 /* Debug */ = {
			isa = XCBuildConfiguration;
			baseConfigurationReference = BC5D7E1F2958FAECD659CA1C /* Pods-CamChatTests.debug.xcconfig */;
			buildSettings = {
				BUNDLE_LOADER = "$(TEST_HOST)";
				CODE_SIGN_STYLE = Automatic;
				DEVELOPMENT_TEAM = N44KF5BXBU;
				INFOPLIST_FILE = CamChatTests/Info.plist;
				LD_RUNPATH_SEARCH_PATHS = (
					"$(inherited)",
					"@executable_path/Frameworks",
					"@loader_path/Frameworks",
				);
				MTL_FAST_MATH = YES;
				PRODUCT_BUNDLE_IDENTIFIER = com.PatrickHanna.CamChatTests;
				PRODUCT_NAME = "$(TARGET_NAME)";
				SWIFT_VERSION = 4.2;
				TARGETED_DEVICE_FAMILY = "1,2";
				TEST_HOST = "$(BUILT_PRODUCTS_DIR)/CamChat.app/CamChat";
			};
			name = Debug;
		};
		6093940D2138145C00C62671 /* Release */ = {
			isa = XCBuildConfiguration;
			baseConfigurationReference = 4C1FB644DF89A083AF940495 /* Pods-CamChatTests.release.xcconfig */;
			buildSettings = {
				BUNDLE_LOADER = "$(TEST_HOST)";
				CODE_SIGN_STYLE = Automatic;
				DEVELOPMENT_TEAM = N44KF5BXBU;
				INFOPLIST_FILE = CamChatTests/Info.plist;
				LD_RUNPATH_SEARCH_PATHS = (
					"$(inherited)",
					"@executable_path/Frameworks",
					"@loader_path/Frameworks",
				);
				MTL_FAST_MATH = YES;
				PRODUCT_BUNDLE_IDENTIFIER = com.PatrickHanna.CamChatTests;
				PRODUCT_NAME = "$(TARGET_NAME)";
				SWIFT_VERSION = 4.2;
				TARGETED_DEVICE_FAMILY = "1,2";
				TEST_HOST = "$(BUILT_PRODUCTS_DIR)/CamChat.app/CamChat";
			};
			name = Release;
		};
/* End XCBuildConfiguration section */

/* Begin XCConfigurationList section */
		6044ED6920E44A9700098F22 /* Build configuration list for PBXProject "CamChat" */ = {
			isa = XCConfigurationList;
			buildConfigurations = (
				6044ED8120E44A9800098F22 /* Debug */,
				6044ED8220E44A9800098F22 /* Release */,
			);
			defaultConfigurationIsVisible = 0;
			defaultConfigurationName = Release;
		};
		6044ED8320E44A9800098F22 /* Build configuration list for PBXNativeTarget "CamChat" */ = {
			isa = XCConfigurationList;
			buildConfigurations = (
				6044ED8420E44A9800098F22 /* Debug */,
				6044ED8520E44A9800098F22 /* Release */,
			);
			defaultConfigurationIsVisible = 0;
			defaultConfigurationName = Release;
		};
		6093940B2138145C00C62671 /* Build configuration list for PBXNativeTarget "CamChatTests" */ = {
			isa = XCConfigurationList;
			buildConfigurations = (
				6093940C2138145C00C62671 /* Debug */,
				6093940D2138145C00C62671 /* Release */,
			);
			defaultConfigurationIsVisible = 0;
			defaultConfigurationName = Release;
		};
/* End XCConfigurationList section */

/* Begin XCVersionGroup section */
		6044ED7820E44A9700098F22 /* CamChat.xcdatamodeld */ = {
			isa = XCVersionGroup;
			children = (
				6044ED7920E44A9700098F22 /* CamChat.xcdatamodel */,
			);
			currentVersion = 6044ED7920E44A9700098F22 /* CamChat.xcdatamodel */;
			path = CamChat.xcdatamodeld;
			sourceTree = "<group>";
			versionGroupType = wrapper.xcdatamodel;
		};
/* End XCVersionGroup section */
	};
	rootObject = 6044ED6620E44A9700098F22 /* Project object */;
}
